
Microsoft Visual Studio Solution File, Format Version 12.00
# Visual Studio Version 16
VisualStudioVersion = 16.0.29418.71
MinimumVisualStudioVersion = 10.0.40219.1
Project("{9A19103F-16F7-4668-BE54-9A1E7A4F7556}") = "Archive", "Archive\Archive.csproj", "{8B917A81-EF10-44DA-8675-25B89294B462}"
EndProject
Project("{9A19103F-16F7-4668-BE54-9A1E7A4F7556}") = "Databus", "Databus\Databus.csproj", "{F36D4DE0-5DF4-484E-9941-C7093E0D9D82}"
EndProject
Project("{FAE04EC0-301F-11D3-BF4B-00C04F79EFBC}") = "ActivityPresenter.Android", "UI\UI.Android\ActivityPresenter.Android.csproj", "{1574E12E-03DF-4D54-9B12-D8F88337B9D7}"
EndProject
Project("{FAE04EC0-301F-11D3-BF4B-00C04F79EFBC}") = "ActivityPresenter.iOS", "UI\UI.iOS\ActivityPresenter.iOS.csproj", "{30033275-4E90-4F80-89F1-6F56FECD677C}"
EndProject
Project("{FAE04EC0-301F-11D3-BF4B-00C04F79EFBC}") = "ActivityPresenter.UWP", "UI\UI.UWP\ActivityPresenter.UWP.csproj", "{0A97484A-05D2-4C7B-8C81-AC779FFAF77E}"
EndProject
Project("{9A19103F-16F7-4668-BE54-9A1E7A4F7556}") = "UI", "UI\UI\UI.csproj", "{49095D3F-92C6-40C6-87E6-27FC06E493EF}"
EndProject
Project("{9A19103F-16F7-4668-BE54-9A1E7A4F7556}") = "FileSystem", "FileSystem\FileSystem.csproj", "{EF8C95FA-7FB4-4514-9E22-A33B3D956CDE}"
EndProject
Project("{9A19103F-16F7-4668-BE54-9A1E7A4F7556}") = "Plugins", "Plugins\Plugins.csproj", "{F330707B-66C7-404E-B00B-F297905A6D5F}"
EndProject
Project("{9A19103F-16F7-4668-BE54-9A1E7A4F7556}") = "Plugins.Archive", "Plugins.Archive\Plugins.Archive.csproj", "{236A2913-2ABC-45C7-B0ED-AD68181B8EF7}"
EndProject
Project("{9A19103F-16F7-4668-BE54-9A1E7A4F7556}") = "UI.Helpers", "UI\Helpers\UI.Helpers.csproj", "{277C3564-0353-4A6F-9AE1-886DBBB84DE5}"
EndProject
Project("{9A19103F-16F7-4668-BE54-9A1E7A4F7556}") = "Plugins.Import", "Plugins.Import\Plugins.Import.csproj", "{256349FE-AF4B-4F6B-BA46-B3F2199DF3FC}"
EndProject
Project("{9A19103F-16F7-4668-BE54-9A1E7A4F7556}") = "Plugins.Visualization", "Plugins.Visualization\Plugins.Visualization.csproj", "{7EE0D2BB-FD28-4AC2-8493-61587F57413C}"
EndProject
Project("{9A19103F-16F7-4668-BE54-9A1E7A4F7556}") = "UI.Tests", "UI\Tests\UI.Tests.csproj", "{87FFECB3-4D1A-42AF-A4C7-99817F55001D}"
EndProject
Project("{9A19103F-16F7-4668-BE54-9A1E7A4F7556}") = "Archive.Tests", "Archive.Tests\Archive.Tests.csproj", "{FE8D379F-B6E2-4269-BF31-3AA8F173A6DC}"
EndProject
Project("{FAE04EC0-301F-11D3-BF4B-00C04F79EFBC}") = "UI.UWP.Tests", "UI.UWP.Tests\UI.UWP.Tests.csproj", "{2A1C39C4-A05F-429A-97DC-A206E0D1F78E}"
EndProject
Project("{9A19103F-16F7-4668-BE54-9A1E7A4F7556}") = "GaitupParser", "GaitupParser\GaitupParser.csproj", "{43471623-F77F-4EBE-B3E1-B80815D17E4A}"
EndProject
Project("{9A19103F-16F7-4668-BE54-9A1E7A4F7556}") = "Plugins.Tests", "Plugins.Tests\Plugins.Tests.csproj", "{C423FFB0-B7B0-4632-A677-0B4D5591B202}"
EndProject
Global
	GlobalSection(SolutionConfigurationPlatforms) = preSolution
		Ad-Hoc|Any CPU = Ad-Hoc|Any CPU
		Ad-Hoc|ARM = Ad-Hoc|ARM
		Ad-Hoc|iPhone = Ad-Hoc|iPhone
		Ad-Hoc|iPhoneSimulator = Ad-Hoc|iPhoneSimulator
		Ad-Hoc|x64 = Ad-Hoc|x64
		Ad-Hoc|x86 = Ad-Hoc|x86
		AppStore|Any CPU = AppStore|Any CPU
		AppStore|ARM = AppStore|ARM
		AppStore|iPhone = AppStore|iPhone
		AppStore|iPhoneSimulator = AppStore|iPhoneSimulator
		AppStore|x64 = AppStore|x64
		AppStore|x86 = AppStore|x86
		Debug|Any CPU = Debug|Any CPU
		Debug|ARM = Debug|ARM
		Debug|iPhone = Debug|iPhone
		Debug|iPhoneSimulator = Debug|iPhoneSimulator
		Debug|x64 = Debug|x64
		Debug|x86 = Debug|x86
		Release|Any CPU = Release|Any CPU
		Release|ARM = Release|ARM
		Release|iPhone = Release|iPhone
		Release|iPhoneSimulator = Release|iPhoneSimulator
		Release|x64 = Release|x64
		Release|x86 = Release|x86
	EndGlobalSection
	GlobalSection(ProjectConfigurationPlatforms) = postSolution
		{8B917A81-EF10-44DA-8675-25B89294B462}.Ad-Hoc|Any CPU.ActiveCfg = Debug|Any CPU
		{8B917A81-EF10-44DA-8675-25B89294B462}.Ad-Hoc|Any CPU.Build.0 = Debug|Any CPU
		{8B917A81-EF10-44DA-8675-25B89294B462}.Ad-Hoc|ARM.ActiveCfg = Debug|Any CPU
		{8B917A81-EF10-44DA-8675-25B89294B462}.Ad-Hoc|ARM.Build.0 = Debug|Any CPU
		{8B917A81-EF10-44DA-8675-25B89294B462}.Ad-Hoc|iPhone.ActiveCfg = Debug|Any CPU
		{8B917A81-EF10-44DA-8675-25B89294B462}.Ad-Hoc|iPhone.Build.0 = Debug|Any CPU
		{8B917A81-EF10-44DA-8675-25B89294B462}.Ad-Hoc|iPhoneSimulator.ActiveCfg = Debug|Any CPU
		{8B917A81-EF10-44DA-8675-25B89294B462}.Ad-Hoc|iPhoneSimulator.Build.0 = Debug|Any CPU
		{8B917A81-EF10-44DA-8675-25B89294B462}.Ad-Hoc|x64.ActiveCfg = Debug|Any CPU
		{8B917A81-EF10-44DA-8675-25B89294B462}.Ad-Hoc|x64.Build.0 = Debug|Any CPU
		{8B917A81-EF10-44DA-8675-25B89294B462}.Ad-Hoc|x86.ActiveCfg = Debug|Any CPU
		{8B917A81-EF10-44DA-8675-25B89294B462}.Ad-Hoc|x86.Build.0 = Debug|Any CPU
		{8B917A81-EF10-44DA-8675-25B89294B462}.AppStore|Any CPU.ActiveCfg = Debug|Any CPU
		{8B917A81-EF10-44DA-8675-25B89294B462}.AppStore|Any CPU.Build.0 = Debug|Any CPU
		{8B917A81-EF10-44DA-8675-25B89294B462}.AppStore|ARM.ActiveCfg = Debug|Any CPU
		{8B917A81-EF10-44DA-8675-25B89294B462}.AppStore|ARM.Build.0 = Debug|Any CPU
		{8B917A81-EF10-44DA-8675-25B89294B462}.AppStore|iPhone.ActiveCfg = Debug|Any CPU
		{8B917A81-EF10-44DA-8675-25B89294B462}.AppStore|iPhone.Build.0 = Debug|Any CPU
		{8B917A81-EF10-44DA-8675-25B89294B462}.AppStore|iPhoneSimulator.ActiveCfg = Debug|Any CPU
		{8B917A81-EF10-44DA-8675-25B89294B462}.AppStore|iPhoneSimulator.Build.0 = Debug|Any CPU
		{8B917A81-EF10-44DA-8675-25B89294B462}.AppStore|x64.ActiveCfg = Debug|Any CPU
		{8B917A81-EF10-44DA-8675-25B89294B462}.AppStore|x64.Build.0 = Debug|Any CPU
		{8B917A81-EF10-44DA-8675-25B89294B462}.AppStore|x86.ActiveCfg = Debug|Any CPU
		{8B917A81-EF10-44DA-8675-25B89294B462}.AppStore|x86.Build.0 = Debug|Any CPU
		{8B917A81-EF10-44DA-8675-25B89294B462}.Debug|Any CPU.ActiveCfg = Debug|Any CPU
		{8B917A81-EF10-44DA-8675-25B89294B462}.Debug|Any CPU.Build.0 = Debug|Any CPU
		{8B917A81-EF10-44DA-8675-25B89294B462}.Debug|ARM.ActiveCfg = Debug|Any CPU
		{8B917A81-EF10-44DA-8675-25B89294B462}.Debug|ARM.Build.0 = Debug|Any CPU
		{8B917A81-EF10-44DA-8675-25B89294B462}.Debug|iPhone.ActiveCfg = Debug|Any CPU
		{8B917A81-EF10-44DA-8675-25B89294B462}.Debug|iPhone.Build.0 = Debug|Any CPU
		{8B917A81-EF10-44DA-8675-25B89294B462}.Debug|iPhoneSimulator.ActiveCfg = Debug|Any CPU
		{8B917A81-EF10-44DA-8675-25B89294B462}.Debug|iPhoneSimulator.Build.0 = Debug|Any CPU
		{8B917A81-EF10-44DA-8675-25B89294B462}.Debug|x64.ActiveCfg = Debug|Any CPU
		{8B917A81-EF10-44DA-8675-25B89294B462}.Debug|x64.Build.0 = Debug|Any CPU
		{8B917A81-EF10-44DA-8675-25B89294B462}.Debug|x86.ActiveCfg = Debug|Any CPU
		{8B917A81-EF10-44DA-8675-25B89294B462}.Debug|x86.Build.0 = Debug|Any CPU
		{8B917A81-EF10-44DA-8675-25B89294B462}.Release|Any CPU.ActiveCfg = Release|Any CPU
		{8B917A81-EF10-44DA-8675-25B89294B462}.Release|Any CPU.Build.0 = Release|Any CPU
		{8B917A81-EF10-44DA-8675-25B89294B462}.Release|ARM.ActiveCfg = Release|Any CPU
		{8B917A81-EF10-44DA-8675-25B89294B462}.Release|ARM.Build.0 = Release|Any CPU
		{8B917A81-EF10-44DA-8675-25B89294B462}.Release|iPhone.ActiveCfg = Release|Any CPU
		{8B917A81-EF10-44DA-8675-25B89294B462}.Release|iPhone.Build.0 = Release|Any CPU
		{8B917A81-EF10-44DA-8675-25B89294B462}.Release|iPhoneSimulator.ActiveCfg = Release|Any CPU
		{8B917A81-EF10-44DA-8675-25B89294B462}.Release|iPhoneSimulator.Build.0 = Release|Any CPU
		{8B917A81-EF10-44DA-8675-25B89294B462}.Release|x64.ActiveCfg = Release|Any CPU
		{8B917A81-EF10-44DA-8675-25B89294B462}.Release|x64.Build.0 = Release|Any CPU
		{8B917A81-EF10-44DA-8675-25B89294B462}.Release|x86.ActiveCfg = Release|Any CPU
		{8B917A81-EF10-44DA-8675-25B89294B462}.Release|x86.Build.0 = Release|Any CPU
		{F36D4DE0-5DF4-484E-9941-C7093E0D9D82}.Ad-Hoc|Any CPU.ActiveCfg = Debug|Any CPU
		{F36D4DE0-5DF4-484E-9941-C7093E0D9D82}.Ad-Hoc|Any CPU.Build.0 = Debug|Any CPU
		{F36D4DE0-5DF4-484E-9941-C7093E0D9D82}.Ad-Hoc|ARM.ActiveCfg = Debug|Any CPU
		{F36D4DE0-5DF4-484E-9941-C7093E0D9D82}.Ad-Hoc|ARM.Build.0 = Debug|Any CPU
		{F36D4DE0-5DF4-484E-9941-C7093E0D9D82}.Ad-Hoc|iPhone.ActiveCfg = Debug|Any CPU
		{F36D4DE0-5DF4-484E-9941-C7093E0D9D82}.Ad-Hoc|iPhone.Build.0 = Debug|Any CPU
		{F36D4DE0-5DF4-484E-9941-C7093E0D9D82}.Ad-Hoc|iPhoneSimulator.ActiveCfg = Debug|Any CPU
		{F36D4DE0-5DF4-484E-9941-C7093E0D9D82}.Ad-Hoc|iPhoneSimulator.Build.0 = Debug|Any CPU
		{F36D4DE0-5DF4-484E-9941-C7093E0D9D82}.Ad-Hoc|x64.ActiveCfg = Debug|Any CPU
		{F36D4DE0-5DF4-484E-9941-C7093E0D9D82}.Ad-Hoc|x64.Build.0 = Debug|Any CPU
		{F36D4DE0-5DF4-484E-9941-C7093E0D9D82}.Ad-Hoc|x86.ActiveCfg = Debug|Any CPU
		{F36D4DE0-5DF4-484E-9941-C7093E0D9D82}.Ad-Hoc|x86.Build.0 = Debug|Any CPU
		{F36D4DE0-5DF4-484E-9941-C7093E0D9D82}.AppStore|Any CPU.ActiveCfg = Debug|Any CPU
		{F36D4DE0-5DF4-484E-9941-C7093E0D9D82}.AppStore|Any CPU.Build.0 = Debug|Any CPU
		{F36D4DE0-5DF4-484E-9941-C7093E0D9D82}.AppStore|ARM.ActiveCfg = Debug|Any CPU
		{F36D4DE0-5DF4-484E-9941-C7093E0D9D82}.AppStore|ARM.Build.0 = Debug|Any CPU
		{F36D4DE0-5DF4-484E-9941-C7093E0D9D82}.AppStore|iPhone.ActiveCfg = Debug|Any CPU
		{F36D4DE0-5DF4-484E-9941-C7093E0D9D82}.AppStore|iPhone.Build.0 = Debug|Any CPU
		{F36D4DE0-5DF4-484E-9941-C7093E0D9D82}.AppStore|iPhoneSimulator.ActiveCfg = Debug|Any CPU
		{F36D4DE0-5DF4-484E-9941-C7093E0D9D82}.AppStore|iPhoneSimulator.Build.0 = Debug|Any CPU
		{F36D4DE0-5DF4-484E-9941-C7093E0D9D82}.AppStore|x64.ActiveCfg = Debug|Any CPU
		{F36D4DE0-5DF4-484E-9941-C7093E0D9D82}.AppStore|x64.Build.0 = Debug|Any CPU
		{F36D4DE0-5DF4-484E-9941-C7093E0D9D82}.AppStore|x86.ActiveCfg = Debug|Any CPU
		{F36D4DE0-5DF4-484E-9941-C7093E0D9D82}.AppStore|x86.Build.0 = Debug|Any CPU
		{F36D4DE0-5DF4-484E-9941-C7093E0D9D82}.Debug|Any CPU.ActiveCfg = Debug|Any CPU
		{F36D4DE0-5DF4-484E-9941-C7093E0D9D82}.Debug|Any CPU.Build.0 = Debug|Any CPU
		{F36D4DE0-5DF4-484E-9941-C7093E0D9D82}.Debug|ARM.ActiveCfg = Debug|Any CPU
		{F36D4DE0-5DF4-484E-9941-C7093E0D9D82}.Debug|ARM.Build.0 = Debug|Any CPU
		{F36D4DE0-5DF4-484E-9941-C7093E0D9D82}.Debug|iPhone.ActiveCfg = Debug|Any CPU
		{F36D4DE0-5DF4-484E-9941-C7093E0D9D82}.Debug|iPhone.Build.0 = Debug|Any CPU
		{F36D4DE0-5DF4-484E-9941-C7093E0D9D82}.Debug|iPhoneSimulator.ActiveCfg = Debug|Any CPU
		{F36D4DE0-5DF4-484E-9941-C7093E0D9D82}.Debug|iPhoneSimulator.Build.0 = Debug|Any CPU
		{F36D4DE0-5DF4-484E-9941-C7093E0D9D82}.Debug|x64.ActiveCfg = Debug|Any CPU
		{F36D4DE0-5DF4-484E-9941-C7093E0D9D82}.Debug|x64.Build.0 = Debug|Any CPU
		{F36D4DE0-5DF4-484E-9941-C7093E0D9D82}.Debug|x86.ActiveCfg = Debug|Any CPU
		{F36D4DE0-5DF4-484E-9941-C7093E0D9D82}.Debug|x86.Build.0 = Debug|Any CPU
		{F36D4DE0-5DF4-484E-9941-C7093E0D9D82}.Release|Any CPU.ActiveCfg = Release|Any CPU
		{F36D4DE0-5DF4-484E-9941-C7093E0D9D82}.Release|Any CPU.Build.0 = Release|Any CPU
		{F36D4DE0-5DF4-484E-9941-C7093E0D9D82}.Release|ARM.ActiveCfg = Release|Any CPU
		{F36D4DE0-5DF4-484E-9941-C7093E0D9D82}.Release|ARM.Build.0 = Release|Any CPU
		{F36D4DE0-5DF4-484E-9941-C7093E0D9D82}.Release|iPhone.ActiveCfg = Release|Any CPU
		{F36D4DE0-5DF4-484E-9941-C7093E0D9D82}.Release|iPhone.Build.0 = Release|Any CPU
		{F36D4DE0-5DF4-484E-9941-C7093E0D9D82}.Release|iPhoneSimulator.ActiveCfg = Release|Any CPU
		{F36D4DE0-5DF4-484E-9941-C7093E0D9D82}.Release|iPhoneSimulator.Build.0 = Release|Any CPU
		{F36D4DE0-5DF4-484E-9941-C7093E0D9D82}.Release|x64.ActiveCfg = Release|Any CPU
		{F36D4DE0-5DF4-484E-9941-C7093E0D9D82}.Release|x64.Build.0 = Release|Any CPU
		{F36D4DE0-5DF4-484E-9941-C7093E0D9D82}.Release|x86.ActiveCfg = Release|Any CPU
		{F36D4DE0-5DF4-484E-9941-C7093E0D9D82}.Release|x86.Build.0 = Release|Any CPU
		{1574E12E-03DF-4D54-9B12-D8F88337B9D7}.Ad-Hoc|Any CPU.ActiveCfg = Release|Any CPU
		{1574E12E-03DF-4D54-9B12-D8F88337B9D7}.Ad-Hoc|Any CPU.Build.0 = Release|Any CPU
		{1574E12E-03DF-4D54-9B12-D8F88337B9D7}.Ad-Hoc|Any CPU.Deploy.0 = Release|Any CPU
		{1574E12E-03DF-4D54-9B12-D8F88337B9D7}.Ad-Hoc|ARM.ActiveCfg = Release|Any CPU
		{1574E12E-03DF-4D54-9B12-D8F88337B9D7}.Ad-Hoc|ARM.Build.0 = Release|Any CPU
		{1574E12E-03DF-4D54-9B12-D8F88337B9D7}.Ad-Hoc|ARM.Deploy.0 = Release|Any CPU
		{1574E12E-03DF-4D54-9B12-D8F88337B9D7}.Ad-Hoc|iPhone.ActiveCfg = Release|Any CPU
		{1574E12E-03DF-4D54-9B12-D8F88337B9D7}.Ad-Hoc|iPhone.Build.0 = Release|Any CPU
		{1574E12E-03DF-4D54-9B12-D8F88337B9D7}.Ad-Hoc|iPhone.Deploy.0 = Release|Any CPU
		{1574E12E-03DF-4D54-9B12-D8F88337B9D7}.Ad-Hoc|iPhoneSimulator.ActiveCfg = Release|Any CPU
		{1574E12E-03DF-4D54-9B12-D8F88337B9D7}.Ad-Hoc|iPhoneSimulator.Build.0 = Release|Any CPU
		{1574E12E-03DF-4D54-9B12-D8F88337B9D7}.Ad-Hoc|iPhoneSimulator.Deploy.0 = Release|Any CPU
		{1574E12E-03DF-4D54-9B12-D8F88337B9D7}.Ad-Hoc|x64.ActiveCfg = Release|Any CPU
		{1574E12E-03DF-4D54-9B12-D8F88337B9D7}.Ad-Hoc|x64.Build.0 = Release|Any CPU
		{1574E12E-03DF-4D54-9B12-D8F88337B9D7}.Ad-Hoc|x64.Deploy.0 = Release|Any CPU
		{1574E12E-03DF-4D54-9B12-D8F88337B9D7}.Ad-Hoc|x86.ActiveCfg = Release|Any CPU
		{1574E12E-03DF-4D54-9B12-D8F88337B9D7}.Ad-Hoc|x86.Build.0 = Release|Any CPU
		{1574E12E-03DF-4D54-9B12-D8F88337B9D7}.Ad-Hoc|x86.Deploy.0 = Release|Any CPU
		{1574E12E-03DF-4D54-9B12-D8F88337B9D7}.AppStore|Any CPU.ActiveCfg = Release|Any CPU
		{1574E12E-03DF-4D54-9B12-D8F88337B9D7}.AppStore|Any CPU.Build.0 = Release|Any CPU
		{1574E12E-03DF-4D54-9B12-D8F88337B9D7}.AppStore|Any CPU.Deploy.0 = Release|Any CPU
		{1574E12E-03DF-4D54-9B12-D8F88337B9D7}.AppStore|ARM.ActiveCfg = Release|Any CPU
		{1574E12E-03DF-4D54-9B12-D8F88337B9D7}.AppStore|ARM.Build.0 = Release|Any CPU
		{1574E12E-03DF-4D54-9B12-D8F88337B9D7}.AppStore|ARM.Deploy.0 = Release|Any CPU
		{1574E12E-03DF-4D54-9B12-D8F88337B9D7}.AppStore|iPhone.ActiveCfg = Release|Any CPU
		{1574E12E-03DF-4D54-9B12-D8F88337B9D7}.AppStore|iPhone.Build.0 = Release|Any CPU
		{1574E12E-03DF-4D54-9B12-D8F88337B9D7}.AppStore|iPhone.Deploy.0 = Release|Any CPU
		{1574E12E-03DF-4D54-9B12-D8F88337B9D7}.AppStore|iPhoneSimulator.ActiveCfg = Release|Any CPU
		{1574E12E-03DF-4D54-9B12-D8F88337B9D7}.AppStore|iPhoneSimulator.Build.0 = Release|Any CPU
		{1574E12E-03DF-4D54-9B12-D8F88337B9D7}.AppStore|iPhoneSimulator.Deploy.0 = Release|Any CPU
		{1574E12E-03DF-4D54-9B12-D8F88337B9D7}.AppStore|x64.ActiveCfg = Release|Any CPU
		{1574E12E-03DF-4D54-9B12-D8F88337B9D7}.AppStore|x64.Build.0 = Release|Any CPU
		{1574E12E-03DF-4D54-9B12-D8F88337B9D7}.AppStore|x64.Deploy.0 = Release|Any CPU
		{1574E12E-03DF-4D54-9B12-D8F88337B9D7}.AppStore|x86.ActiveCfg = Release|Any CPU
		{1574E12E-03DF-4D54-9B12-D8F88337B9D7}.AppStore|x86.Build.0 = Release|Any CPU
		{1574E12E-03DF-4D54-9B12-D8F88337B9D7}.AppStore|x86.Deploy.0 = Release|Any CPU
		{1574E12E-03DF-4D54-9B12-D8F88337B9D7}.Debug|Any CPU.ActiveCfg = Debug|Any CPU
		{1574E12E-03DF-4D54-9B12-D8F88337B9D7}.Debug|Any CPU.Build.0 = Debug|Any CPU
		{1574E12E-03DF-4D54-9B12-D8F88337B9D7}.Debug|Any CPU.Deploy.0 = Debug|Any CPU
		{1574E12E-03DF-4D54-9B12-D8F88337B9D7}.Debug|ARM.ActiveCfg = Debug|Any CPU
		{1574E12E-03DF-4D54-9B12-D8F88337B9D7}.Debug|ARM.Build.0 = Debug|Any CPU
		{1574E12E-03DF-4D54-9B12-D8F88337B9D7}.Debug|ARM.Deploy.0 = Debug|Any CPU
		{1574E12E-03DF-4D54-9B12-D8F88337B9D7}.Debug|iPhone.ActiveCfg = Debug|Any CPU
		{1574E12E-03DF-4D54-9B12-D8F88337B9D7}.Debug|iPhone.Build.0 = Debug|Any CPU
		{1574E12E-03DF-4D54-9B12-D8F88337B9D7}.Debug|iPhone.Deploy.0 = Debug|Any CPU
		{1574E12E-03DF-4D54-9B12-D8F88337B9D7}.Debug|iPhoneSimulator.ActiveCfg = Debug|Any CPU
		{1574E12E-03DF-4D54-9B12-D8F88337B9D7}.Debug|iPhoneSimulator.Build.0 = Debug|Any CPU
		{1574E12E-03DF-4D54-9B12-D8F88337B9D7}.Debug|iPhoneSimulator.Deploy.0 = Debug|Any CPU
		{1574E12E-03DF-4D54-9B12-D8F88337B9D7}.Debug|x64.ActiveCfg = Debug|Any CPU
		{1574E12E-03DF-4D54-9B12-D8F88337B9D7}.Debug|x64.Build.0 = Debug|Any CPU
		{1574E12E-03DF-4D54-9B12-D8F88337B9D7}.Debug|x64.Deploy.0 = Debug|Any CPU
		{1574E12E-03DF-4D54-9B12-D8F88337B9D7}.Debug|x86.ActiveCfg = Debug|Any CPU
		{1574E12E-03DF-4D54-9B12-D8F88337B9D7}.Debug|x86.Build.0 = Debug|Any CPU
		{1574E12E-03DF-4D54-9B12-D8F88337B9D7}.Debug|x86.Deploy.0 = Debug|Any CPU
		{1574E12E-03DF-4D54-9B12-D8F88337B9D7}.Release|Any CPU.ActiveCfg = Release|Any CPU
		{1574E12E-03DF-4D54-9B12-D8F88337B9D7}.Release|Any CPU.Build.0 = Release|Any CPU
		{1574E12E-03DF-4D54-9B12-D8F88337B9D7}.Release|Any CPU.Deploy.0 = Release|Any CPU
		{1574E12E-03DF-4D54-9B12-D8F88337B9D7}.Release|ARM.ActiveCfg = Release|Any CPU
		{1574E12E-03DF-4D54-9B12-D8F88337B9D7}.Release|ARM.Build.0 = Release|Any CPU
		{1574E12E-03DF-4D54-9B12-D8F88337B9D7}.Release|ARM.Deploy.0 = Release|Any CPU
		{1574E12E-03DF-4D54-9B12-D8F88337B9D7}.Release|iPhone.ActiveCfg = Release|Any CPU
		{1574E12E-03DF-4D54-9B12-D8F88337B9D7}.Release|iPhone.Build.0 = Release|Any CPU
		{1574E12E-03DF-4D54-9B12-D8F88337B9D7}.Release|iPhone.Deploy.0 = Release|Any CPU
		{1574E12E-03DF-4D54-9B12-D8F88337B9D7}.Release|iPhoneSimulator.ActiveCfg = Release|Any CPU
		{1574E12E-03DF-4D54-9B12-D8F88337B9D7}.Release|iPhoneSimulator.Build.0 = Release|Any CPU
		{1574E12E-03DF-4D54-9B12-D8F88337B9D7}.Release|iPhoneSimulator.Deploy.0 = Release|Any CPU
		{1574E12E-03DF-4D54-9B12-D8F88337B9D7}.Release|x64.ActiveCfg = Release|Any CPU
		{1574E12E-03DF-4D54-9B12-D8F88337B9D7}.Release|x64.Build.0 = Release|Any CPU
		{1574E12E-03DF-4D54-9B12-D8F88337B9D7}.Release|x64.Deploy.0 = Release|Any CPU
		{1574E12E-03DF-4D54-9B12-D8F88337B9D7}.Release|x86.ActiveCfg = Release|Any CPU
		{1574E12E-03DF-4D54-9B12-D8F88337B9D7}.Release|x86.Build.0 = Release|Any CPU
		{1574E12E-03DF-4D54-9B12-D8F88337B9D7}.Release|x86.Deploy.0 = Release|Any CPU
		{30033275-4E90-4F80-89F1-6F56FECD677C}.Ad-Hoc|Any CPU.ActiveCfg = Ad-Hoc|iPhone
		{30033275-4E90-4F80-89F1-6F56FECD677C}.Ad-Hoc|ARM.ActiveCfg = Ad-Hoc|iPhone
		{30033275-4E90-4F80-89F1-6F56FECD677C}.Ad-Hoc|iPhone.ActiveCfg = Ad-Hoc|iPhone
		{30033275-4E90-4F80-89F1-6F56FECD677C}.Ad-Hoc|iPhone.Build.0 = Ad-Hoc|iPhone
		{30033275-4E90-4F80-89F1-6F56FECD677C}.Ad-Hoc|iPhoneSimulator.ActiveCfg = Ad-Hoc|iPhoneSimulator
		{30033275-4E90-4F80-89F1-6F56FECD677C}.Ad-Hoc|iPhoneSimulator.Build.0 = Ad-Hoc|iPhoneSimulator
		{30033275-4E90-4F80-89F1-6F56FECD677C}.Ad-Hoc|x64.ActiveCfg = Ad-Hoc|iPhone
		{30033275-4E90-4F80-89F1-6F56FECD677C}.Ad-Hoc|x86.ActiveCfg = Ad-Hoc|iPhone
		{30033275-4E90-4F80-89F1-6F56FECD677C}.AppStore|Any CPU.ActiveCfg = AppStore|iPhone
		{30033275-4E90-4F80-89F1-6F56FECD677C}.AppStore|ARM.ActiveCfg = AppStore|iPhone
		{30033275-4E90-4F80-89F1-6F56FECD677C}.AppStore|iPhone.ActiveCfg = AppStore|iPhone
		{30033275-4E90-4F80-89F1-6F56FECD677C}.AppStore|iPhone.Build.0 = AppStore|iPhone
		{30033275-4E90-4F80-89F1-6F56FECD677C}.AppStore|iPhoneSimulator.ActiveCfg = AppStore|iPhoneSimulator
		{30033275-4E90-4F80-89F1-6F56FECD677C}.AppStore|iPhoneSimulator.Build.0 = AppStore|iPhoneSimulator
		{30033275-4E90-4F80-89F1-6F56FECD677C}.AppStore|x64.ActiveCfg = AppStore|iPhone
		{30033275-4E90-4F80-89F1-6F56FECD677C}.AppStore|x86.ActiveCfg = AppStore|iPhone
		{30033275-4E90-4F80-89F1-6F56FECD677C}.Debug|Any CPU.ActiveCfg = Debug|iPhone
		{30033275-4E90-4F80-89F1-6F56FECD677C}.Debug|ARM.ActiveCfg = Debug|iPhone
		{30033275-4E90-4F80-89F1-6F56FECD677C}.Debug|iPhone.ActiveCfg = Debug|iPhone
		{30033275-4E90-4F80-89F1-6F56FECD677C}.Debug|iPhone.Build.0 = Debug|iPhone
		{30033275-4E90-4F80-89F1-6F56FECD677C}.Debug|iPhoneSimulator.ActiveCfg = Debug|iPhoneSimulator
		{30033275-4E90-4F80-89F1-6F56FECD677C}.Debug|iPhoneSimulator.Build.0 = Debug|iPhoneSimulator
		{30033275-4E90-4F80-89F1-6F56FECD677C}.Debug|x64.ActiveCfg = Debug|iPhone
		{30033275-4E90-4F80-89F1-6F56FECD677C}.Debug|x86.ActiveCfg = Debug|iPhone
		{30033275-4E90-4F80-89F1-6F56FECD677C}.Release|Any CPU.ActiveCfg = Release|iPhone
		{30033275-4E90-4F80-89F1-6F56FECD677C}.Release|ARM.ActiveCfg = Release|iPhone
		{30033275-4E90-4F80-89F1-6F56FECD677C}.Release|iPhone.ActiveCfg = Release|iPhone
		{30033275-4E90-4F80-89F1-6F56FECD677C}.Release|iPhone.Build.0 = Release|iPhone
		{30033275-4E90-4F80-89F1-6F56FECD677C}.Release|iPhoneSimulator.ActiveCfg = Release|iPhoneSimulator
		{30033275-4E90-4F80-89F1-6F56FECD677C}.Release|iPhoneSimulator.Build.0 = Release|iPhoneSimulator
		{30033275-4E90-4F80-89F1-6F56FECD677C}.Release|x64.ActiveCfg = Release|iPhone
		{30033275-4E90-4F80-89F1-6F56FECD677C}.Release|x86.ActiveCfg = Release|iPhone
		{0A97484A-05D2-4C7B-8C81-AC779FFAF77E}.Ad-Hoc|Any CPU.ActiveCfg = Release|x86
		{0A97484A-05D2-4C7B-8C81-AC779FFAF77E}.Ad-Hoc|Any CPU.Build.0 = Release|x86
		{0A97484A-05D2-4C7B-8C81-AC779FFAF77E}.Ad-Hoc|Any CPU.Deploy.0 = Release|x86
		{0A97484A-05D2-4C7B-8C81-AC779FFAF77E}.Ad-Hoc|ARM.ActiveCfg = Release|ARM
		{0A97484A-05D2-4C7B-8C81-AC779FFAF77E}.Ad-Hoc|ARM.Build.0 = Release|ARM
		{0A97484A-05D2-4C7B-8C81-AC779FFAF77E}.Ad-Hoc|ARM.Deploy.0 = Release|ARM
		{0A97484A-05D2-4C7B-8C81-AC779FFAF77E}.Ad-Hoc|iPhone.ActiveCfg = Release|x86
		{0A97484A-05D2-4C7B-8C81-AC779FFAF77E}.Ad-Hoc|iPhone.Build.0 = Release|x86
		{0A97484A-05D2-4C7B-8C81-AC779FFAF77E}.Ad-Hoc|iPhone.Deploy.0 = Release|x86
		{0A97484A-05D2-4C7B-8C81-AC779FFAF77E}.Ad-Hoc|iPhoneSimulator.ActiveCfg = Release|x86
		{0A97484A-05D2-4C7B-8C81-AC779FFAF77E}.Ad-Hoc|iPhoneSimulator.Build.0 = Release|x86
		{0A97484A-05D2-4C7B-8C81-AC779FFAF77E}.Ad-Hoc|iPhoneSimulator.Deploy.0 = Release|x86
		{0A97484A-05D2-4C7B-8C81-AC779FFAF77E}.Ad-Hoc|x64.ActiveCfg = Release|x64
		{0A97484A-05D2-4C7B-8C81-AC779FFAF77E}.Ad-Hoc|x64.Build.0 = Release|x64
		{0A97484A-05D2-4C7B-8C81-AC779FFAF77E}.Ad-Hoc|x64.Deploy.0 = Release|x64
		{0A97484A-05D2-4C7B-8C81-AC779FFAF77E}.Ad-Hoc|x86.ActiveCfg = Release|x86
		{0A97484A-05D2-4C7B-8C81-AC779FFAF77E}.Ad-Hoc|x86.Build.0 = Release|x86
		{0A97484A-05D2-4C7B-8C81-AC779FFAF77E}.Ad-Hoc|x86.Deploy.0 = Release|x86
		{0A97484A-05D2-4C7B-8C81-AC779FFAF77E}.AppStore|Any CPU.ActiveCfg = Release|x86
		{0A97484A-05D2-4C7B-8C81-AC779FFAF77E}.AppStore|Any CPU.Build.0 = Release|x86
		{0A97484A-05D2-4C7B-8C81-AC779FFAF77E}.AppStore|Any CPU.Deploy.0 = Release|x86
		{0A97484A-05D2-4C7B-8C81-AC779FFAF77E}.AppStore|ARM.ActiveCfg = Release|ARM
		{0A97484A-05D2-4C7B-8C81-AC779FFAF77E}.AppStore|ARM.Build.0 = Release|ARM
		{0A97484A-05D2-4C7B-8C81-AC779FFAF77E}.AppStore|ARM.Deploy.0 = Release|ARM
		{0A97484A-05D2-4C7B-8C81-AC779FFAF77E}.AppStore|iPhone.ActiveCfg = Release|x86
		{0A97484A-05D2-4C7B-8C81-AC779FFAF77E}.AppStore|iPhone.Build.0 = Release|x86
		{0A97484A-05D2-4C7B-8C81-AC779FFAF77E}.AppStore|iPhone.Deploy.0 = Release|x86
		{0A97484A-05D2-4C7B-8C81-AC779FFAF77E}.AppStore|iPhoneSimulator.ActiveCfg = Release|x86
		{0A97484A-05D2-4C7B-8C81-AC779FFAF77E}.AppStore|iPhoneSimulator.Build.0 = Release|x86
		{0A97484A-05D2-4C7B-8C81-AC779FFAF77E}.AppStore|iPhoneSimulator.Deploy.0 = Release|x86
		{0A97484A-05D2-4C7B-8C81-AC779FFAF77E}.AppStore|x64.ActiveCfg = Release|x64
		{0A97484A-05D2-4C7B-8C81-AC779FFAF77E}.AppStore|x64.Build.0 = Release|x64
		{0A97484A-05D2-4C7B-8C81-AC779FFAF77E}.AppStore|x64.Deploy.0 = Release|x64
		{0A97484A-05D2-4C7B-8C81-AC779FFAF77E}.AppStore|x86.ActiveCfg = Release|x86
		{0A97484A-05D2-4C7B-8C81-AC779FFAF77E}.AppStore|x86.Build.0 = Release|x86
		{0A97484A-05D2-4C7B-8C81-AC779FFAF77E}.AppStore|x86.Deploy.0 = Release|x86
		{0A97484A-05D2-4C7B-8C81-AC779FFAF77E}.Debug|Any CPU.ActiveCfg = Debug|x86
		{0A97484A-05D2-4C7B-8C81-AC779FFAF77E}.Debug|Any CPU.Build.0 = Debug|x86
		{0A97484A-05D2-4C7B-8C81-AC779FFAF77E}.Debug|Any CPU.Deploy.0 = Debug|x86
		{0A97484A-05D2-4C7B-8C81-AC779FFAF77E}.Debug|ARM.ActiveCfg = Debug|ARM
		{0A97484A-05D2-4C7B-8C81-AC779FFAF77E}.Debug|ARM.Build.0 = Debug|ARM
		{0A97484A-05D2-4C7B-8C81-AC779FFAF77E}.Debug|ARM.Deploy.0 = Debug|ARM
		{0A97484A-05D2-4C7B-8C81-AC779FFAF77E}.Debug|iPhone.ActiveCfg = Debug|x86
		{0A97484A-05D2-4C7B-8C81-AC779FFAF77E}.Debug|iPhoneSimulator.ActiveCfg = Debug|x86
		{0A97484A-05D2-4C7B-8C81-AC779FFAF77E}.Debug|x64.ActiveCfg = Debug|x64
		{0A97484A-05D2-4C7B-8C81-AC779FFAF77E}.Debug|x64.Build.0 = Debug|x64
		{0A97484A-05D2-4C7B-8C81-AC779FFAF77E}.Debug|x64.Deploy.0 = Debug|x64
		{0A97484A-05D2-4C7B-8C81-AC779FFAF77E}.Debug|x86.ActiveCfg = Debug|x86
		{0A97484A-05D2-4C7B-8C81-AC779FFAF77E}.Debug|x86.Build.0 = Debug|x86
		{0A97484A-05D2-4C7B-8C81-AC779FFAF77E}.Debug|x86.Deploy.0 = Debug|x86
		{0A97484A-05D2-4C7B-8C81-AC779FFAF77E}.Release|Any CPU.ActiveCfg = Release|x86
		{0A97484A-05D2-4C7B-8C81-AC779FFAF77E}.Release|ARM.ActiveCfg = Release|ARM
		{0A97484A-05D2-4C7B-8C81-AC779FFAF77E}.Release|ARM.Build.0 = Release|ARM
		{0A97484A-05D2-4C7B-8C81-AC779FFAF77E}.Release|ARM.Deploy.0 = Release|ARM
		{0A97484A-05D2-4C7B-8C81-AC779FFAF77E}.Release|iPhone.ActiveCfg = Release|x86
		{0A97484A-05D2-4C7B-8C81-AC779FFAF77E}.Release|iPhoneSimulator.ActiveCfg = Release|x86
		{0A97484A-05D2-4C7B-8C81-AC779FFAF77E}.Release|x64.ActiveCfg = Release|x64
		{0A97484A-05D2-4C7B-8C81-AC779FFAF77E}.Release|x64.Build.0 = Release|x64
		{0A97484A-05D2-4C7B-8C81-AC779FFAF77E}.Release|x64.Deploy.0 = Release|x64
		{0A97484A-05D2-4C7B-8C81-AC779FFAF77E}.Release|x86.ActiveCfg = Release|x86
		{0A97484A-05D2-4C7B-8C81-AC779FFAF77E}.Release|x86.Build.0 = Release|x86
		{0A97484A-05D2-4C7B-8C81-AC779FFAF77E}.Release|x86.Deploy.0 = Release|x86
		{49095D3F-92C6-40C6-87E6-27FC06E493EF}.Ad-Hoc|Any CPU.ActiveCfg = Debug|Any CPU
		{49095D3F-92C6-40C6-87E6-27FC06E493EF}.Ad-Hoc|Any CPU.Build.0 = Debug|Any CPU
		{49095D3F-92C6-40C6-87E6-27FC06E493EF}.Ad-Hoc|ARM.ActiveCfg = Debug|Any CPU
		{49095D3F-92C6-40C6-87E6-27FC06E493EF}.Ad-Hoc|ARM.Build.0 = Debug|Any CPU
		{49095D3F-92C6-40C6-87E6-27FC06E493EF}.Ad-Hoc|iPhone.ActiveCfg = Debug|Any CPU
		{49095D3F-92C6-40C6-87E6-27FC06E493EF}.Ad-Hoc|iPhone.Build.0 = Debug|Any CPU
		{49095D3F-92C6-40C6-87E6-27FC06E493EF}.Ad-Hoc|iPhoneSimulator.ActiveCfg = Debug|Any CPU
		{49095D3F-92C6-40C6-87E6-27FC06E493EF}.Ad-Hoc|iPhoneSimulator.Build.0 = Debug|Any CPU
		{49095D3F-92C6-40C6-87E6-27FC06E493EF}.Ad-Hoc|x64.ActiveCfg = Debug|Any CPU
		{49095D3F-92C6-40C6-87E6-27FC06E493EF}.Ad-Hoc|x64.Build.0 = Debug|Any CPU
		{49095D3F-92C6-40C6-87E6-27FC06E493EF}.Ad-Hoc|x86.ActiveCfg = Debug|Any CPU
		{49095D3F-92C6-40C6-87E6-27FC06E493EF}.Ad-Hoc|x86.Build.0 = Debug|Any CPU
		{49095D3F-92C6-40C6-87E6-27FC06E493EF}.AppStore|Any CPU.ActiveCfg = Debug|Any CPU
		{49095D3F-92C6-40C6-87E6-27FC06E493EF}.AppStore|Any CPU.Build.0 = Debug|Any CPU
		{49095D3F-92C6-40C6-87E6-27FC06E493EF}.AppStore|ARM.ActiveCfg = Debug|Any CPU
		{49095D3F-92C6-40C6-87E6-27FC06E493EF}.AppStore|ARM.Build.0 = Debug|Any CPU
		{49095D3F-92C6-40C6-87E6-27FC06E493EF}.AppStore|iPhone.ActiveCfg = Debug|Any CPU
		{49095D3F-92C6-40C6-87E6-27FC06E493EF}.AppStore|iPhone.Build.0 = Debug|Any CPU
		{49095D3F-92C6-40C6-87E6-27FC06E493EF}.AppStore|iPhoneSimulator.ActiveCfg = Debug|Any CPU
		{49095D3F-92C6-40C6-87E6-27FC06E493EF}.AppStore|iPhoneSimulator.Build.0 = Debug|Any CPU
		{49095D3F-92C6-40C6-87E6-27FC06E493EF}.AppStore|x64.ActiveCfg = Debug|Any CPU
		{49095D3F-92C6-40C6-87E6-27FC06E493EF}.AppStore|x64.Build.0 = Debug|Any CPU
		{49095D3F-92C6-40C6-87E6-27FC06E493EF}.AppStore|x86.ActiveCfg = Debug|Any CPU
		{49095D3F-92C6-40C6-87E6-27FC06E493EF}.AppStore|x86.Build.0 = Debug|Any CPU
		{49095D3F-92C6-40C6-87E6-27FC06E493EF}.Debug|Any CPU.ActiveCfg = Debug|Any CPU
		{49095D3F-92C6-40C6-87E6-27FC06E493EF}.Debug|Any CPU.Build.0 = Debug|Any CPU
		{49095D3F-92C6-40C6-87E6-27FC06E493EF}.Debug|ARM.ActiveCfg = Debug|Any CPU
		{49095D3F-92C6-40C6-87E6-27FC06E493EF}.Debug|ARM.Build.0 = Debug|Any CPU
		{49095D3F-92C6-40C6-87E6-27FC06E493EF}.Debug|iPhone.ActiveCfg = Debug|Any CPU
		{49095D3F-92C6-40C6-87E6-27FC06E493EF}.Debug|iPhone.Build.0 = Debug|Any CPU
		{49095D3F-92C6-40C6-87E6-27FC06E493EF}.Debug|iPhoneSimulator.ActiveCfg = Debug|Any CPU
		{49095D3F-92C6-40C6-87E6-27FC06E493EF}.Debug|iPhoneSimulator.Build.0 = Debug|Any CPU
		{49095D3F-92C6-40C6-87E6-27FC06E493EF}.Debug|x64.ActiveCfg = Debug|Any CPU
		{49095D3F-92C6-40C6-87E6-27FC06E493EF}.Debug|x64.Build.0 = Debug|Any CPU
		{49095D3F-92C6-40C6-87E6-27FC06E493EF}.Debug|x86.ActiveCfg = Debug|Any CPU
		{49095D3F-92C6-40C6-87E6-27FC06E493EF}.Debug|x86.Build.0 = Debug|Any CPU
		{49095D3F-92C6-40C6-87E6-27FC06E493EF}.Release|Any CPU.ActiveCfg = Release|Any CPU
		{49095D3F-92C6-40C6-87E6-27FC06E493EF}.Release|Any CPU.Build.0 = Release|Any CPU
		{49095D3F-92C6-40C6-87E6-27FC06E493EF}.Release|ARM.ActiveCfg = Release|Any CPU
		{49095D3F-92C6-40C6-87E6-27FC06E493EF}.Release|ARM.Build.0 = Release|Any CPU
		{49095D3F-92C6-40C6-87E6-27FC06E493EF}.Release|iPhone.ActiveCfg = Release|Any CPU
		{49095D3F-92C6-40C6-87E6-27FC06E493EF}.Release|iPhone.Build.0 = Release|Any CPU
		{49095D3F-92C6-40C6-87E6-27FC06E493EF}.Release|iPhoneSimulator.ActiveCfg = Release|Any CPU
		{49095D3F-92C6-40C6-87E6-27FC06E493EF}.Release|iPhoneSimulator.Build.0 = Release|Any CPU
		{49095D3F-92C6-40C6-87E6-27FC06E493EF}.Release|x64.ActiveCfg = Release|Any CPU
		{49095D3F-92C6-40C6-87E6-27FC06E493EF}.Release|x64.Build.0 = Release|Any CPU
		{49095D3F-92C6-40C6-87E6-27FC06E493EF}.Release|x86.ActiveCfg = Release|Any CPU
		{49095D3F-92C6-40C6-87E6-27FC06E493EF}.Release|x86.Build.0 = Release|Any CPU
		{EF8C95FA-7FB4-4514-9E22-A33B3D956CDE}.Ad-Hoc|Any CPU.ActiveCfg = Debug|Any CPU
		{EF8C95FA-7FB4-4514-9E22-A33B3D956CDE}.Ad-Hoc|Any CPU.Build.0 = Debug|Any CPU
		{EF8C95FA-7FB4-4514-9E22-A33B3D956CDE}.Ad-Hoc|ARM.ActiveCfg = Debug|Any CPU
		{EF8C95FA-7FB4-4514-9E22-A33B3D956CDE}.Ad-Hoc|ARM.Build.0 = Debug|Any CPU
		{EF8C95FA-7FB4-4514-9E22-A33B3D956CDE}.Ad-Hoc|iPhone.ActiveCfg = Debug|Any CPU
		{EF8C95FA-7FB4-4514-9E22-A33B3D956CDE}.Ad-Hoc|iPhone.Build.0 = Debug|Any CPU
		{EF8C95FA-7FB4-4514-9E22-A33B3D956CDE}.Ad-Hoc|iPhoneSimulator.ActiveCfg = Debug|Any CPU
		{EF8C95FA-7FB4-4514-9E22-A33B3D956CDE}.Ad-Hoc|iPhoneSimulator.Build.0 = Debug|Any CPU
		{EF8C95FA-7FB4-4514-9E22-A33B3D956CDE}.Ad-Hoc|x64.ActiveCfg = Debug|Any CPU
		{EF8C95FA-7FB4-4514-9E22-A33B3D956CDE}.Ad-Hoc|x64.Build.0 = Debug|Any CPU
		{EF8C95FA-7FB4-4514-9E22-A33B3D956CDE}.Ad-Hoc|x86.ActiveCfg = Debug|Any CPU
		{EF8C95FA-7FB4-4514-9E22-A33B3D956CDE}.Ad-Hoc|x86.Build.0 = Debug|Any CPU
		{EF8C95FA-7FB4-4514-9E22-A33B3D956CDE}.AppStore|Any CPU.ActiveCfg = Debug|Any CPU
		{EF8C95FA-7FB4-4514-9E22-A33B3D956CDE}.AppStore|Any CPU.Build.0 = Debug|Any CPU
		{EF8C95FA-7FB4-4514-9E22-A33B3D956CDE}.AppStore|ARM.ActiveCfg = Debug|Any CPU
		{EF8C95FA-7FB4-4514-9E22-A33B3D956CDE}.AppStore|ARM.Build.0 = Debug|Any CPU
		{EF8C95FA-7FB4-4514-9E22-A33B3D956CDE}.AppStore|iPhone.ActiveCfg = Debug|Any CPU
		{EF8C95FA-7FB4-4514-9E22-A33B3D956CDE}.AppStore|iPhone.Build.0 = Debug|Any CPU
		{EF8C95FA-7FB4-4514-9E22-A33B3D956CDE}.AppStore|iPhoneSimulator.ActiveCfg = Debug|Any CPU
		{EF8C95FA-7FB4-4514-9E22-A33B3D956CDE}.AppStore|iPhoneSimulator.Build.0 = Debug|Any CPU
		{EF8C95FA-7FB4-4514-9E22-A33B3D956CDE}.AppStore|x64.ActiveCfg = Debug|Any CPU
		{EF8C95FA-7FB4-4514-9E22-A33B3D956CDE}.AppStore|x64.Build.0 = Debug|Any CPU
		{EF8C95FA-7FB4-4514-9E22-A33B3D956CDE}.AppStore|x86.ActiveCfg = Debug|Any CPU
		{EF8C95FA-7FB4-4514-9E22-A33B3D956CDE}.AppStore|x86.Build.0 = Debug|Any CPU
		{EF8C95FA-7FB4-4514-9E22-A33B3D956CDE}.Debug|Any CPU.ActiveCfg = Debug|Any CPU
		{EF8C95FA-7FB4-4514-9E22-A33B3D956CDE}.Debug|Any CPU.Build.0 = Debug|Any CPU
		{EF8C95FA-7FB4-4514-9E22-A33B3D956CDE}.Debug|ARM.ActiveCfg = Debug|Any CPU
		{EF8C95FA-7FB4-4514-9E22-A33B3D956CDE}.Debug|ARM.Build.0 = Debug|Any CPU
		{EF8C95FA-7FB4-4514-9E22-A33B3D956CDE}.Debug|iPhone.ActiveCfg = Debug|Any CPU
		{EF8C95FA-7FB4-4514-9E22-A33B3D956CDE}.Debug|iPhone.Build.0 = Debug|Any CPU
		{EF8C95FA-7FB4-4514-9E22-A33B3D956CDE}.Debug|iPhoneSimulator.ActiveCfg = Debug|Any CPU
		{EF8C95FA-7FB4-4514-9E22-A33B3D956CDE}.Debug|iPhoneSimulator.Build.0 = Debug|Any CPU
		{EF8C95FA-7FB4-4514-9E22-A33B3D956CDE}.Debug|x64.ActiveCfg = Debug|Any CPU
		{EF8C95FA-7FB4-4514-9E22-A33B3D956CDE}.Debug|x64.Build.0 = Debug|Any CPU
		{EF8C95FA-7FB4-4514-9E22-A33B3D956CDE}.Debug|x86.ActiveCfg = Debug|Any CPU
		{EF8C95FA-7FB4-4514-9E22-A33B3D956CDE}.Debug|x86.Build.0 = Debug|Any CPU
		{EF8C95FA-7FB4-4514-9E22-A33B3D956CDE}.Release|Any CPU.ActiveCfg = Release|Any CPU
		{EF8C95FA-7FB4-4514-9E22-A33B3D956CDE}.Release|Any CPU.Build.0 = Release|Any CPU
		{EF8C95FA-7FB4-4514-9E22-A33B3D956CDE}.Release|ARM.ActiveCfg = Release|Any CPU
		{EF8C95FA-7FB4-4514-9E22-A33B3D956CDE}.Release|ARM.Build.0 = Release|Any CPU
		{EF8C95FA-7FB4-4514-9E22-A33B3D956CDE}.Release|iPhone.ActiveCfg = Release|Any CPU
		{EF8C95FA-7FB4-4514-9E22-A33B3D956CDE}.Release|iPhone.Build.0 = Release|Any CPU
		{EF8C95FA-7FB4-4514-9E22-A33B3D956CDE}.Release|iPhoneSimulator.ActiveCfg = Release|Any CPU
		{EF8C95FA-7FB4-4514-9E22-A33B3D956CDE}.Release|iPhoneSimulator.Build.0 = Release|Any CPU
		{EF8C95FA-7FB4-4514-9E22-A33B3D956CDE}.Release|x64.ActiveCfg = Release|Any CPU
		{EF8C95FA-7FB4-4514-9E22-A33B3D956CDE}.Release|x64.Build.0 = Release|Any CPU
		{EF8C95FA-7FB4-4514-9E22-A33B3D956CDE}.Release|x86.ActiveCfg = Release|Any CPU
		{EF8C95FA-7FB4-4514-9E22-A33B3D956CDE}.Release|x86.Build.0 = Release|Any CPU
		{F330707B-66C7-404E-B00B-F297905A6D5F}.Ad-Hoc|Any CPU.ActiveCfg = Debug|Any CPU
		{F330707B-66C7-404E-B00B-F297905A6D5F}.Ad-Hoc|Any CPU.Build.0 = Debug|Any CPU
		{F330707B-66C7-404E-B00B-F297905A6D5F}.Ad-Hoc|ARM.ActiveCfg = Debug|Any CPU
		{F330707B-66C7-404E-B00B-F297905A6D5F}.Ad-Hoc|ARM.Build.0 = Debug|Any CPU
		{F330707B-66C7-404E-B00B-F297905A6D5F}.Ad-Hoc|iPhone.ActiveCfg = Debug|Any CPU
		{F330707B-66C7-404E-B00B-F297905A6D5F}.Ad-Hoc|iPhone.Build.0 = Debug|Any CPU
		{F330707B-66C7-404E-B00B-F297905A6D5F}.Ad-Hoc|iPhoneSimulator.ActiveCfg = Debug|Any CPU
		{F330707B-66C7-404E-B00B-F297905A6D5F}.Ad-Hoc|iPhoneSimulator.Build.0 = Debug|Any CPU
		{F330707B-66C7-404E-B00B-F297905A6D5F}.Ad-Hoc|x64.ActiveCfg = Debug|Any CPU
		{F330707B-66C7-404E-B00B-F297905A6D5F}.Ad-Hoc|x64.Build.0 = Debug|Any CPU
		{F330707B-66C7-404E-B00B-F297905A6D5F}.Ad-Hoc|x86.ActiveCfg = Debug|Any CPU
		{F330707B-66C7-404E-B00B-F297905A6D5F}.Ad-Hoc|x86.Build.0 = Debug|Any CPU
		{F330707B-66C7-404E-B00B-F297905A6D5F}.AppStore|Any CPU.ActiveCfg = Debug|Any CPU
		{F330707B-66C7-404E-B00B-F297905A6D5F}.AppStore|Any CPU.Build.0 = Debug|Any CPU
		{F330707B-66C7-404E-B00B-F297905A6D5F}.AppStore|ARM.ActiveCfg = Debug|Any CPU
		{F330707B-66C7-404E-B00B-F297905A6D5F}.AppStore|ARM.Build.0 = Debug|Any CPU
		{F330707B-66C7-404E-B00B-F297905A6D5F}.AppStore|iPhone.ActiveCfg = Debug|Any CPU
		{F330707B-66C7-404E-B00B-F297905A6D5F}.AppStore|iPhone.Build.0 = Debug|Any CPU
		{F330707B-66C7-404E-B00B-F297905A6D5F}.AppStore|iPhoneSimulator.ActiveCfg = Debug|Any CPU
		{F330707B-66C7-404E-B00B-F297905A6D5F}.AppStore|iPhoneSimulator.Build.0 = Debug|Any CPU
		{F330707B-66C7-404E-B00B-F297905A6D5F}.AppStore|x64.ActiveCfg = Debug|Any CPU
		{F330707B-66C7-404E-B00B-F297905A6D5F}.AppStore|x64.Build.0 = Debug|Any CPU
		{F330707B-66C7-404E-B00B-F297905A6D5F}.AppStore|x86.ActiveCfg = Debug|Any CPU
		{F330707B-66C7-404E-B00B-F297905A6D5F}.AppStore|x86.Build.0 = Debug|Any CPU
		{F330707B-66C7-404E-B00B-F297905A6D5F}.Debug|Any CPU.ActiveCfg = Debug|Any CPU
		{F330707B-66C7-404E-B00B-F297905A6D5F}.Debug|Any CPU.Build.0 = Debug|Any CPU
		{F330707B-66C7-404E-B00B-F297905A6D5F}.Debug|ARM.ActiveCfg = Debug|Any CPU
		{F330707B-66C7-404E-B00B-F297905A6D5F}.Debug|ARM.Build.0 = Debug|Any CPU
		{F330707B-66C7-404E-B00B-F297905A6D5F}.Debug|iPhone.ActiveCfg = Debug|Any CPU
		{F330707B-66C7-404E-B00B-F297905A6D5F}.Debug|iPhone.Build.0 = Debug|Any CPU
		{F330707B-66C7-404E-B00B-F297905A6D5F}.Debug|iPhoneSimulator.ActiveCfg = Debug|Any CPU
		{F330707B-66C7-404E-B00B-F297905A6D5F}.Debug|iPhoneSimulator.Build.0 = Debug|Any CPU
		{F330707B-66C7-404E-B00B-F297905A6D5F}.Debug|x64.ActiveCfg = Debug|Any CPU
		{F330707B-66C7-404E-B00B-F297905A6D5F}.Debug|x64.Build.0 = Debug|Any CPU
		{F330707B-66C7-404E-B00B-F297905A6D5F}.Debug|x86.ActiveCfg = Debug|Any CPU
		{F330707B-66C7-404E-B00B-F297905A6D5F}.Debug|x86.Build.0 = Debug|Any CPU
		{F330707B-66C7-404E-B00B-F297905A6D5F}.Release|Any CPU.ActiveCfg = Release|Any CPU
		{F330707B-66C7-404E-B00B-F297905A6D5F}.Release|Any CPU.Build.0 = Release|Any CPU
		{F330707B-66C7-404E-B00B-F297905A6D5F}.Release|ARM.ActiveCfg = Release|Any CPU
		{F330707B-66C7-404E-B00B-F297905A6D5F}.Release|ARM.Build.0 = Release|Any CPU
		{F330707B-66C7-404E-B00B-F297905A6D5F}.Release|iPhone.ActiveCfg = Release|Any CPU
		{F330707B-66C7-404E-B00B-F297905A6D5F}.Release|iPhone.Build.0 = Release|Any CPU
		{F330707B-66C7-404E-B00B-F297905A6D5F}.Release|iPhoneSimulator.ActiveCfg = Release|Any CPU
		{F330707B-66C7-404E-B00B-F297905A6D5F}.Release|iPhoneSimulator.Build.0 = Release|Any CPU
		{F330707B-66C7-404E-B00B-F297905A6D5F}.Release|x64.ActiveCfg = Release|Any CPU
		{F330707B-66C7-404E-B00B-F297905A6D5F}.Release|x64.Build.0 = Release|Any CPU
		{F330707B-66C7-404E-B00B-F297905A6D5F}.Release|x86.ActiveCfg = Release|Any CPU
		{F330707B-66C7-404E-B00B-F297905A6D5F}.Release|x86.Build.0 = Release|Any CPU
		{236A2913-2ABC-45C7-B0ED-AD68181B8EF7}.Ad-Hoc|Any CPU.ActiveCfg = Debug|Any CPU
		{236A2913-2ABC-45C7-B0ED-AD68181B8EF7}.Ad-Hoc|Any CPU.Build.0 = Debug|Any CPU
		{236A2913-2ABC-45C7-B0ED-AD68181B8EF7}.Ad-Hoc|ARM.ActiveCfg = Debug|Any CPU
		{236A2913-2ABC-45C7-B0ED-AD68181B8EF7}.Ad-Hoc|ARM.Build.0 = Debug|Any CPU
		{236A2913-2ABC-45C7-B0ED-AD68181B8EF7}.Ad-Hoc|iPhone.ActiveCfg = Debug|Any CPU
		{236A2913-2ABC-45C7-B0ED-AD68181B8EF7}.Ad-Hoc|iPhone.Build.0 = Debug|Any CPU
		{236A2913-2ABC-45C7-B0ED-AD68181B8EF7}.Ad-Hoc|iPhoneSimulator.ActiveCfg = Debug|Any CPU
		{236A2913-2ABC-45C7-B0ED-AD68181B8EF7}.Ad-Hoc|iPhoneSimulator.Build.0 = Debug|Any CPU
		{236A2913-2ABC-45C7-B0ED-AD68181B8EF7}.Ad-Hoc|x64.ActiveCfg = Debug|Any CPU
		{236A2913-2ABC-45C7-B0ED-AD68181B8EF7}.Ad-Hoc|x64.Build.0 = Debug|Any CPU
		{236A2913-2ABC-45C7-B0ED-AD68181B8EF7}.Ad-Hoc|x86.ActiveCfg = Debug|Any CPU
		{236A2913-2ABC-45C7-B0ED-AD68181B8EF7}.Ad-Hoc|x86.Build.0 = Debug|Any CPU
		{236A2913-2ABC-45C7-B0ED-AD68181B8EF7}.AppStore|Any CPU.ActiveCfg = Debug|Any CPU
		{236A2913-2ABC-45C7-B0ED-AD68181B8EF7}.AppStore|Any CPU.Build.0 = Debug|Any CPU
		{236A2913-2ABC-45C7-B0ED-AD68181B8EF7}.AppStore|ARM.ActiveCfg = Debug|Any CPU
		{236A2913-2ABC-45C7-B0ED-AD68181B8EF7}.AppStore|ARM.Build.0 = Debug|Any CPU
		{236A2913-2ABC-45C7-B0ED-AD68181B8EF7}.AppStore|iPhone.ActiveCfg = Debug|Any CPU
		{236A2913-2ABC-45C7-B0ED-AD68181B8EF7}.AppStore|iPhone.Build.0 = Debug|Any CPU
		{236A2913-2ABC-45C7-B0ED-AD68181B8EF7}.AppStore|iPhoneSimulator.ActiveCfg = Debug|Any CPU
		{236A2913-2ABC-45C7-B0ED-AD68181B8EF7}.AppStore|iPhoneSimulator.Build.0 = Debug|Any CPU
		{236A2913-2ABC-45C7-B0ED-AD68181B8EF7}.AppStore|x64.ActiveCfg = Debug|Any CPU
		{236A2913-2ABC-45C7-B0ED-AD68181B8EF7}.AppStore|x64.Build.0 = Debug|Any CPU
		{236A2913-2ABC-45C7-B0ED-AD68181B8EF7}.AppStore|x86.ActiveCfg = Debug|Any CPU
		{236A2913-2ABC-45C7-B0ED-AD68181B8EF7}.AppStore|x86.Build.0 = Debug|Any CPU
		{236A2913-2ABC-45C7-B0ED-AD68181B8EF7}.Debug|Any CPU.ActiveCfg = Debug|Any CPU
		{236A2913-2ABC-45C7-B0ED-AD68181B8EF7}.Debug|Any CPU.Build.0 = Debug|Any CPU
		{236A2913-2ABC-45C7-B0ED-AD68181B8EF7}.Debug|ARM.ActiveCfg = Debug|Any CPU
		{236A2913-2ABC-45C7-B0ED-AD68181B8EF7}.Debug|ARM.Build.0 = Debug|Any CPU
		{236A2913-2ABC-45C7-B0ED-AD68181B8EF7}.Debug|iPhone.ActiveCfg = Debug|Any CPU
		{236A2913-2ABC-45C7-B0ED-AD68181B8EF7}.Debug|iPhone.Build.0 = Debug|Any CPU
		{236A2913-2ABC-45C7-B0ED-AD68181B8EF7}.Debug|iPhoneSimulator.ActiveCfg = Debug|Any CPU
		{236A2913-2ABC-45C7-B0ED-AD68181B8EF7}.Debug|iPhoneSimulator.Build.0 = Debug|Any CPU
		{236A2913-2ABC-45C7-B0ED-AD68181B8EF7}.Debug|x64.ActiveCfg = Debug|Any CPU
		{236A2913-2ABC-45C7-B0ED-AD68181B8EF7}.Debug|x64.Build.0 = Debug|Any CPU
		{236A2913-2ABC-45C7-B0ED-AD68181B8EF7}.Debug|x86.ActiveCfg = Debug|Any CPU
		{236A2913-2ABC-45C7-B0ED-AD68181B8EF7}.Debug|x86.Build.0 = Debug|Any CPU
		{236A2913-2ABC-45C7-B0ED-AD68181B8EF7}.Release|Any CPU.ActiveCfg = Release|Any CPU
		{236A2913-2ABC-45C7-B0ED-AD68181B8EF7}.Release|Any CPU.Build.0 = Release|Any CPU
		{236A2913-2ABC-45C7-B0ED-AD68181B8EF7}.Release|ARM.ActiveCfg = Release|Any CPU
		{236A2913-2ABC-45C7-B0ED-AD68181B8EF7}.Release|ARM.Build.0 = Release|Any CPU
		{236A2913-2ABC-45C7-B0ED-AD68181B8EF7}.Release|iPhone.ActiveCfg = Release|Any CPU
		{236A2913-2ABC-45C7-B0ED-AD68181B8EF7}.Release|iPhone.Build.0 = Release|Any CPU
		{236A2913-2ABC-45C7-B0ED-AD68181B8EF7}.Release|iPhoneSimulator.ActiveCfg = Release|Any CPU
		{236A2913-2ABC-45C7-B0ED-AD68181B8EF7}.Release|iPhoneSimulator.Build.0 = Release|Any CPU
		{236A2913-2ABC-45C7-B0ED-AD68181B8EF7}.Release|x64.ActiveCfg = Release|Any CPU
		{236A2913-2ABC-45C7-B0ED-AD68181B8EF7}.Release|x64.Build.0 = Release|Any CPU
		{236A2913-2ABC-45C7-B0ED-AD68181B8EF7}.Release|x86.ActiveCfg = Release|Any CPU
		{236A2913-2ABC-45C7-B0ED-AD68181B8EF7}.Release|x86.Build.0 = Release|Any CPU
		{277C3564-0353-4A6F-9AE1-886DBBB84DE5}.Ad-Hoc|Any CPU.ActiveCfg = Debug|Any CPU
		{277C3564-0353-4A6F-9AE1-886DBBB84DE5}.Ad-Hoc|Any CPU.Build.0 = Debug|Any CPU
		{277C3564-0353-4A6F-9AE1-886DBBB84DE5}.Ad-Hoc|ARM.ActiveCfg = Debug|Any CPU
		{277C3564-0353-4A6F-9AE1-886DBBB84DE5}.Ad-Hoc|ARM.Build.0 = Debug|Any CPU
		{277C3564-0353-4A6F-9AE1-886DBBB84DE5}.Ad-Hoc|iPhone.ActiveCfg = Debug|Any CPU
		{277C3564-0353-4A6F-9AE1-886DBBB84DE5}.Ad-Hoc|iPhone.Build.0 = Debug|Any CPU
		{277C3564-0353-4A6F-9AE1-886DBBB84DE5}.Ad-Hoc|iPhoneSimulator.ActiveCfg = Debug|Any CPU
		{277C3564-0353-4A6F-9AE1-886DBBB84DE5}.Ad-Hoc|iPhoneSimulator.Build.0 = Debug|Any CPU
		{277C3564-0353-4A6F-9AE1-886DBBB84DE5}.Ad-Hoc|x64.ActiveCfg = Debug|Any CPU
		{277C3564-0353-4A6F-9AE1-886DBBB84DE5}.Ad-Hoc|x64.Build.0 = Debug|Any CPU
		{277C3564-0353-4A6F-9AE1-886DBBB84DE5}.Ad-Hoc|x86.ActiveCfg = Debug|Any CPU
		{277C3564-0353-4A6F-9AE1-886DBBB84DE5}.Ad-Hoc|x86.Build.0 = Debug|Any CPU
		{277C3564-0353-4A6F-9AE1-886DBBB84DE5}.AppStore|Any CPU.ActiveCfg = Debug|Any CPU
		{277C3564-0353-4A6F-9AE1-886DBBB84DE5}.AppStore|Any CPU.Build.0 = Debug|Any CPU
		{277C3564-0353-4A6F-9AE1-886DBBB84DE5}.AppStore|ARM.ActiveCfg = Debug|Any CPU
		{277C3564-0353-4A6F-9AE1-886DBBB84DE5}.AppStore|ARM.Build.0 = Debug|Any CPU
		{277C3564-0353-4A6F-9AE1-886DBBB84DE5}.AppStore|iPhone.ActiveCfg = Debug|Any CPU
		{277C3564-0353-4A6F-9AE1-886DBBB84DE5}.AppStore|iPhone.Build.0 = Debug|Any CPU
		{277C3564-0353-4A6F-9AE1-886DBBB84DE5}.AppStore|iPhoneSimulator.ActiveCfg = Debug|Any CPU
		{277C3564-0353-4A6F-9AE1-886DBBB84DE5}.AppStore|iPhoneSimulator.Build.0 = Debug|Any CPU
		{277C3564-0353-4A6F-9AE1-886DBBB84DE5}.AppStore|x64.ActiveCfg = Debug|Any CPU
		{277C3564-0353-4A6F-9AE1-886DBBB84DE5}.AppStore|x64.Build.0 = Debug|Any CPU
		{277C3564-0353-4A6F-9AE1-886DBBB84DE5}.AppStore|x86.ActiveCfg = Debug|Any CPU
		{277C3564-0353-4A6F-9AE1-886DBBB84DE5}.AppStore|x86.Build.0 = Debug|Any CPU
		{277C3564-0353-4A6F-9AE1-886DBBB84DE5}.Debug|Any CPU.ActiveCfg = Debug|Any CPU
		{277C3564-0353-4A6F-9AE1-886DBBB84DE5}.Debug|Any CPU.Build.0 = Debug|Any CPU
		{277C3564-0353-4A6F-9AE1-886DBBB84DE5}.Debug|ARM.ActiveCfg = Debug|Any CPU
		{277C3564-0353-4A6F-9AE1-886DBBB84DE5}.Debug|ARM.Build.0 = Debug|Any CPU
		{277C3564-0353-4A6F-9AE1-886DBBB84DE5}.Debug|iPhone.ActiveCfg = Debug|Any CPU
		{277C3564-0353-4A6F-9AE1-886DBBB84DE5}.Debug|iPhone.Build.0 = Debug|Any CPU
		{277C3564-0353-4A6F-9AE1-886DBBB84DE5}.Debug|iPhoneSimulator.ActiveCfg = Debug|Any CPU
		{277C3564-0353-4A6F-9AE1-886DBBB84DE5}.Debug|iPhoneSimulator.Build.0 = Debug|Any CPU
		{277C3564-0353-4A6F-9AE1-886DBBB84DE5}.Debug|x64.ActiveCfg = Debug|Any CPU
		{277C3564-0353-4A6F-9AE1-886DBBB84DE5}.Debug|x64.Build.0 = Debug|Any CPU
		{277C3564-0353-4A6F-9AE1-886DBBB84DE5}.Debug|x86.ActiveCfg = Debug|Any CPU
		{277C3564-0353-4A6F-9AE1-886DBBB84DE5}.Debug|x86.Build.0 = Debug|Any CPU
		{277C3564-0353-4A6F-9AE1-886DBBB84DE5}.Release|Any CPU.ActiveCfg = Release|Any CPU
		{277C3564-0353-4A6F-9AE1-886DBBB84DE5}.Release|Any CPU.Build.0 = Release|Any CPU
		{277C3564-0353-4A6F-9AE1-886DBBB84DE5}.Release|ARM.ActiveCfg = Release|Any CPU
		{277C3564-0353-4A6F-9AE1-886DBBB84DE5}.Release|ARM.Build.0 = Release|Any CPU
		{277C3564-0353-4A6F-9AE1-886DBBB84DE5}.Release|iPhone.ActiveCfg = Release|Any CPU
		{277C3564-0353-4A6F-9AE1-886DBBB84DE5}.Release|iPhone.Build.0 = Release|Any CPU
		{277C3564-0353-4A6F-9AE1-886DBBB84DE5}.Release|iPhoneSimulator.ActiveCfg = Release|Any CPU
		{277C3564-0353-4A6F-9AE1-886DBBB84DE5}.Release|iPhoneSimulator.Build.0 = Release|Any CPU
		{277C3564-0353-4A6F-9AE1-886DBBB84DE5}.Release|x64.ActiveCfg = Release|Any CPU
		{277C3564-0353-4A6F-9AE1-886DBBB84DE5}.Release|x64.Build.0 = Release|Any CPU
		{277C3564-0353-4A6F-9AE1-886DBBB84DE5}.Release|x86.ActiveCfg = Release|Any CPU
		{277C3564-0353-4A6F-9AE1-886DBBB84DE5}.Release|x86.Build.0 = Release|Any CPU
		{256349FE-AF4B-4F6B-BA46-B3F2199DF3FC}.Ad-Hoc|Any CPU.ActiveCfg = Debug|Any CPU
		{256349FE-AF4B-4F6B-BA46-B3F2199DF3FC}.Ad-Hoc|Any CPU.Build.0 = Debug|Any CPU
		{256349FE-AF4B-4F6B-BA46-B3F2199DF3FC}.Ad-Hoc|ARM.ActiveCfg = Debug|Any CPU
		{256349FE-AF4B-4F6B-BA46-B3F2199DF3FC}.Ad-Hoc|ARM.Build.0 = Debug|Any CPU
		{256349FE-AF4B-4F6B-BA46-B3F2199DF3FC}.Ad-Hoc|iPhone.ActiveCfg = Debug|Any CPU
		{256349FE-AF4B-4F6B-BA46-B3F2199DF3FC}.Ad-Hoc|iPhone.Build.0 = Debug|Any CPU
		{256349FE-AF4B-4F6B-BA46-B3F2199DF3FC}.Ad-Hoc|iPhoneSimulator.ActiveCfg = Debug|Any CPU
		{256349FE-AF4B-4F6B-BA46-B3F2199DF3FC}.Ad-Hoc|iPhoneSimulator.Build.0 = Debug|Any CPU
		{256349FE-AF4B-4F6B-BA46-B3F2199DF3FC}.Ad-Hoc|x64.ActiveCfg = Debug|Any CPU
		{256349FE-AF4B-4F6B-BA46-B3F2199DF3FC}.Ad-Hoc|x64.Build.0 = Debug|Any CPU
		{256349FE-AF4B-4F6B-BA46-B3F2199DF3FC}.Ad-Hoc|x86.ActiveCfg = Debug|Any CPU
		{256349FE-AF4B-4F6B-BA46-B3F2199DF3FC}.Ad-Hoc|x86.Build.0 = Debug|Any CPU
		{256349FE-AF4B-4F6B-BA46-B3F2199DF3FC}.AppStore|Any CPU.ActiveCfg = Debug|Any CPU
		{256349FE-AF4B-4F6B-BA46-B3F2199DF3FC}.AppStore|Any CPU.Build.0 = Debug|Any CPU
		{256349FE-AF4B-4F6B-BA46-B3F2199DF3FC}.AppStore|ARM.ActiveCfg = Debug|Any CPU
		{256349FE-AF4B-4F6B-BA46-B3F2199DF3FC}.AppStore|ARM.Build.0 = Debug|Any CPU
		{256349FE-AF4B-4F6B-BA46-B3F2199DF3FC}.AppStore|iPhone.ActiveCfg = Debug|Any CPU
		{256349FE-AF4B-4F6B-BA46-B3F2199DF3FC}.AppStore|iPhone.Build.0 = Debug|Any CPU
		{256349FE-AF4B-4F6B-BA46-B3F2199DF3FC}.AppStore|iPhoneSimulator.ActiveCfg = Debug|Any CPU
		{256349FE-AF4B-4F6B-BA46-B3F2199DF3FC}.AppStore|iPhoneSimulator.Build.0 = Debug|Any CPU
		{256349FE-AF4B-4F6B-BA46-B3F2199DF3FC}.AppStore|x64.ActiveCfg = Debug|Any CPU
		{256349FE-AF4B-4F6B-BA46-B3F2199DF3FC}.AppStore|x64.Build.0 = Debug|Any CPU
		{256349FE-AF4B-4F6B-BA46-B3F2199DF3FC}.AppStore|x86.ActiveCfg = Debug|Any CPU
		{256349FE-AF4B-4F6B-BA46-B3F2199DF3FC}.AppStore|x86.Build.0 = Debug|Any CPU
		{256349FE-AF4B-4F6B-BA46-B3F2199DF3FC}.Debug|Any CPU.ActiveCfg = Debug|Any CPU
		{256349FE-AF4B-4F6B-BA46-B3F2199DF3FC}.Debug|Any CPU.Build.0 = Debug|Any CPU
		{256349FE-AF4B-4F6B-BA46-B3F2199DF3FC}.Debug|ARM.ActiveCfg = Debug|Any CPU
		{256349FE-AF4B-4F6B-BA46-B3F2199DF3FC}.Debug|ARM.Build.0 = Debug|Any CPU
		{256349FE-AF4B-4F6B-BA46-B3F2199DF3FC}.Debug|iPhone.ActiveCfg = Debug|Any CPU
		{256349FE-AF4B-4F6B-BA46-B3F2199DF3FC}.Debug|iPhone.Build.0 = Debug|Any CPU
		{256349FE-AF4B-4F6B-BA46-B3F2199DF3FC}.Debug|iPhoneSimulator.ActiveCfg = Debug|Any CPU
		{256349FE-AF4B-4F6B-BA46-B3F2199DF3FC}.Debug|iPhoneSimulator.Build.0 = Debug|Any CPU
		{256349FE-AF4B-4F6B-BA46-B3F2199DF3FC}.Debug|x64.ActiveCfg = Debug|Any CPU
		{256349FE-AF4B-4F6B-BA46-B3F2199DF3FC}.Debug|x64.Build.0 = Debug|Any CPU
		{256349FE-AF4B-4F6B-BA46-B3F2199DF3FC}.Debug|x86.ActiveCfg = Debug|Any CPU
		{256349FE-AF4B-4F6B-BA46-B3F2199DF3FC}.Debug|x86.Build.0 = Debug|Any CPU
		{256349FE-AF4B-4F6B-BA46-B3F2199DF3FC}.Release|Any CPU.ActiveCfg = Release|Any CPU
		{256349FE-AF4B-4F6B-BA46-B3F2199DF3FC}.Release|Any CPU.Build.0 = Release|Any CPU
		{256349FE-AF4B-4F6B-BA46-B3F2199DF3FC}.Release|ARM.ActiveCfg = Release|Any CPU
		{256349FE-AF4B-4F6B-BA46-B3F2199DF3FC}.Release|ARM.Build.0 = Release|Any CPU
		{256349FE-AF4B-4F6B-BA46-B3F2199DF3FC}.Release|iPhone.ActiveCfg = Release|Any CPU
		{256349FE-AF4B-4F6B-BA46-B3F2199DF3FC}.Release|iPhone.Build.0 = Release|Any CPU
		{256349FE-AF4B-4F6B-BA46-B3F2199DF3FC}.Release|iPhoneSimulator.ActiveCfg = Release|Any CPU
		{256349FE-AF4B-4F6B-BA46-B3F2199DF3FC}.Release|iPhoneSimulator.Build.0 = Release|Any CPU
		{256349FE-AF4B-4F6B-BA46-B3F2199DF3FC}.Release|x64.ActiveCfg = Release|Any CPU
		{256349FE-AF4B-4F6B-BA46-B3F2199DF3FC}.Release|x64.Build.0 = Release|Any CPU
		{256349FE-AF4B-4F6B-BA46-B3F2199DF3FC}.Release|x86.ActiveCfg = Release|Any CPU
		{256349FE-AF4B-4F6B-BA46-B3F2199DF3FC}.Release|x86.Build.0 = Release|Any CPU
		{7EE0D2BB-FD28-4AC2-8493-61587F57413C}.Ad-Hoc|Any CPU.ActiveCfg = Debug|Any CPU
		{7EE0D2BB-FD28-4AC2-8493-61587F57413C}.Ad-Hoc|Any CPU.Build.0 = Debug|Any CPU
		{7EE0D2BB-FD28-4AC2-8493-61587F57413C}.Ad-Hoc|ARM.ActiveCfg = Debug|Any CPU
		{7EE0D2BB-FD28-4AC2-8493-61587F57413C}.Ad-Hoc|ARM.Build.0 = Debug|Any CPU
		{7EE0D2BB-FD28-4AC2-8493-61587F57413C}.Ad-Hoc|iPhone.ActiveCfg = Debug|Any CPU
		{7EE0D2BB-FD28-4AC2-8493-61587F57413C}.Ad-Hoc|iPhone.Build.0 = Debug|Any CPU
		{7EE0D2BB-FD28-4AC2-8493-61587F57413C}.Ad-Hoc|iPhoneSimulator.ActiveCfg = Debug|Any CPU
		{7EE0D2BB-FD28-4AC2-8493-61587F57413C}.Ad-Hoc|iPhoneSimulator.Build.0 = Debug|Any CPU
		{7EE0D2BB-FD28-4AC2-8493-61587F57413C}.Ad-Hoc|x64.ActiveCfg = Debug|Any CPU
		{7EE0D2BB-FD28-4AC2-8493-61587F57413C}.Ad-Hoc|x64.Build.0 = Debug|Any CPU
		{7EE0D2BB-FD28-4AC2-8493-61587F57413C}.Ad-Hoc|x86.ActiveCfg = Debug|Any CPU
		{7EE0D2BB-FD28-4AC2-8493-61587F57413C}.Ad-Hoc|x86.Build.0 = Debug|Any CPU
		{7EE0D2BB-FD28-4AC2-8493-61587F57413C}.AppStore|Any CPU.ActiveCfg = Debug|Any CPU
		{7EE0D2BB-FD28-4AC2-8493-61587F57413C}.AppStore|Any CPU.Build.0 = Debug|Any CPU
		{7EE0D2BB-FD28-4AC2-8493-61587F57413C}.AppStore|ARM.ActiveCfg = Debug|Any CPU
		{7EE0D2BB-FD28-4AC2-8493-61587F57413C}.AppStore|ARM.Build.0 = Debug|Any CPU
		{7EE0D2BB-FD28-4AC2-8493-61587F57413C}.AppStore|iPhone.ActiveCfg = Debug|Any CPU
		{7EE0D2BB-FD28-4AC2-8493-61587F57413C}.AppStore|iPhone.Build.0 = Debug|Any CPU
		{7EE0D2BB-FD28-4AC2-8493-61587F57413C}.AppStore|iPhoneSimulator.ActiveCfg = Debug|Any CPU
		{7EE0D2BB-FD28-4AC2-8493-61587F57413C}.AppStore|iPhoneSimulator.Build.0 = Debug|Any CPU
		{7EE0D2BB-FD28-4AC2-8493-61587F57413C}.AppStore|x64.ActiveCfg = Debug|Any CPU
		{7EE0D2BB-FD28-4AC2-8493-61587F57413C}.AppStore|x64.Build.0 = Debug|Any CPU
		{7EE0D2BB-FD28-4AC2-8493-61587F57413C}.AppStore|x86.ActiveCfg = Debug|Any CPU
		{7EE0D2BB-FD28-4AC2-8493-61587F57413C}.AppStore|x86.Build.0 = Debug|Any CPU
		{7EE0D2BB-FD28-4AC2-8493-61587F57413C}.Debug|Any CPU.ActiveCfg = Debug|Any CPU
		{7EE0D2BB-FD28-4AC2-8493-61587F57413C}.Debug|Any CPU.Build.0 = Debug|Any CPU
		{7EE0D2BB-FD28-4AC2-8493-61587F57413C}.Debug|ARM.ActiveCfg = Debug|Any CPU
		{7EE0D2BB-FD28-4AC2-8493-61587F57413C}.Debug|ARM.Build.0 = Debug|Any CPU
		{7EE0D2BB-FD28-4AC2-8493-61587F57413C}.Debug|iPhone.ActiveCfg = Debug|Any CPU
		{7EE0D2BB-FD28-4AC2-8493-61587F57413C}.Debug|iPhone.Build.0 = Debug|Any CPU
		{7EE0D2BB-FD28-4AC2-8493-61587F57413C}.Debug|iPhoneSimulator.ActiveCfg = Debug|Any CPU
		{7EE0D2BB-FD28-4AC2-8493-61587F57413C}.Debug|iPhoneSimulator.Build.0 = Debug|Any CPU
		{7EE0D2BB-FD28-4AC2-8493-61587F57413C}.Debug|x64.ActiveCfg = Debug|Any CPU
		{7EE0D2BB-FD28-4AC2-8493-61587F57413C}.Debug|x64.Build.0 = Debug|Any CPU
		{7EE0D2BB-FD28-4AC2-8493-61587F57413C}.Debug|x86.ActiveCfg = Debug|Any CPU
		{7EE0D2BB-FD28-4AC2-8493-61587F57413C}.Debug|x86.Build.0 = Debug|Any CPU
		{7EE0D2BB-FD28-4AC2-8493-61587F57413C}.Release|Any CPU.ActiveCfg = Release|Any CPU
		{7EE0D2BB-FD28-4AC2-8493-61587F57413C}.Release|Any CPU.Build.0 = Release|Any CPU
		{7EE0D2BB-FD28-4AC2-8493-61587F57413C}.Release|ARM.ActiveCfg = Release|Any CPU
		{7EE0D2BB-FD28-4AC2-8493-61587F57413C}.Release|ARM.Build.0 = Release|Any CPU
		{7EE0D2BB-FD28-4AC2-8493-61587F57413C}.Release|iPhone.ActiveCfg = Release|Any CPU
		{7EE0D2BB-FD28-4AC2-8493-61587F57413C}.Release|iPhone.Build.0 = Release|Any CPU
		{7EE0D2BB-FD28-4AC2-8493-61587F57413C}.Release|iPhoneSimulator.ActiveCfg = Release|Any CPU
		{7EE0D2BB-FD28-4AC2-8493-61587F57413C}.Release|iPhoneSimulator.Build.0 = Release|Any CPU
		{7EE0D2BB-FD28-4AC2-8493-61587F57413C}.Release|x64.ActiveCfg = Release|Any CPU
		{7EE0D2BB-FD28-4AC2-8493-61587F57413C}.Release|x64.Build.0 = Release|Any CPU
		{7EE0D2BB-FD28-4AC2-8493-61587F57413C}.Release|x86.ActiveCfg = Release|Any CPU
		{7EE0D2BB-FD28-4AC2-8493-61587F57413C}.Release|x86.Build.0 = Release|Any CPU
		{87FFECB3-4D1A-42AF-A4C7-99817F55001D}.Ad-Hoc|Any CPU.ActiveCfg = Debug|Any CPU
		{87FFECB3-4D1A-42AF-A4C7-99817F55001D}.Ad-Hoc|Any CPU.Build.0 = Debug|Any CPU
		{87FFECB3-4D1A-42AF-A4C7-99817F55001D}.Ad-Hoc|ARM.ActiveCfg = Debug|Any CPU
		{87FFECB3-4D1A-42AF-A4C7-99817F55001D}.Ad-Hoc|ARM.Build.0 = Debug|Any CPU
		{87FFECB3-4D1A-42AF-A4C7-99817F55001D}.Ad-Hoc|iPhone.ActiveCfg = Debug|Any CPU
		{87FFECB3-4D1A-42AF-A4C7-99817F55001D}.Ad-Hoc|iPhone.Build.0 = Debug|Any CPU
		{87FFECB3-4D1A-42AF-A4C7-99817F55001D}.Ad-Hoc|iPhoneSimulator.ActiveCfg = Debug|Any CPU
		{87FFECB3-4D1A-42AF-A4C7-99817F55001D}.Ad-Hoc|iPhoneSimulator.Build.0 = Debug|Any CPU
		{87FFECB3-4D1A-42AF-A4C7-99817F55001D}.Ad-Hoc|x64.ActiveCfg = Debug|Any CPU
		{87FFECB3-4D1A-42AF-A4C7-99817F55001D}.Ad-Hoc|x64.Build.0 = Debug|Any CPU
		{87FFECB3-4D1A-42AF-A4C7-99817F55001D}.Ad-Hoc|x86.ActiveCfg = Debug|Any CPU
		{87FFECB3-4D1A-42AF-A4C7-99817F55001D}.Ad-Hoc|x86.Build.0 = Debug|Any CPU
		{87FFECB3-4D1A-42AF-A4C7-99817F55001D}.AppStore|Any CPU.ActiveCfg = Debug|Any CPU
		{87FFECB3-4D1A-42AF-A4C7-99817F55001D}.AppStore|Any CPU.Build.0 = Debug|Any CPU
		{87FFECB3-4D1A-42AF-A4C7-99817F55001D}.AppStore|ARM.ActiveCfg = Debug|Any CPU
		{87FFECB3-4D1A-42AF-A4C7-99817F55001D}.AppStore|ARM.Build.0 = Debug|Any CPU
		{87FFECB3-4D1A-42AF-A4C7-99817F55001D}.AppStore|iPhone.ActiveCfg = Debug|Any CPU
		{87FFECB3-4D1A-42AF-A4C7-99817F55001D}.AppStore|iPhone.Build.0 = Debug|Any CPU
		{87FFECB3-4D1A-42AF-A4C7-99817F55001D}.AppStore|iPhoneSimulator.ActiveCfg = Debug|Any CPU
		{87FFECB3-4D1A-42AF-A4C7-99817F55001D}.AppStore|iPhoneSimulator.Build.0 = Debug|Any CPU
		{87FFECB3-4D1A-42AF-A4C7-99817F55001D}.AppStore|x64.ActiveCfg = Debug|Any CPU
		{87FFECB3-4D1A-42AF-A4C7-99817F55001D}.AppStore|x64.Build.0 = Debug|Any CPU
		{87FFECB3-4D1A-42AF-A4C7-99817F55001D}.AppStore|x86.ActiveCfg = Debug|Any CPU
		{87FFECB3-4D1A-42AF-A4C7-99817F55001D}.AppStore|x86.Build.0 = Debug|Any CPU
		{87FFECB3-4D1A-42AF-A4C7-99817F55001D}.Debug|Any CPU.ActiveCfg = Debug|Any CPU
		{87FFECB3-4D1A-42AF-A4C7-99817F55001D}.Debug|Any CPU.Build.0 = Debug|Any CPU
		{87FFECB3-4D1A-42AF-A4C7-99817F55001D}.Debug|ARM.ActiveCfg = Debug|Any CPU
		{87FFECB3-4D1A-42AF-A4C7-99817F55001D}.Debug|ARM.Build.0 = Debug|Any CPU
		{87FFECB3-4D1A-42AF-A4C7-99817F55001D}.Debug|iPhone.ActiveCfg = Debug|Any CPU
		{87FFECB3-4D1A-42AF-A4C7-99817F55001D}.Debug|iPhone.Build.0 = Debug|Any CPU
		{87FFECB3-4D1A-42AF-A4C7-99817F55001D}.Debug|iPhoneSimulator.ActiveCfg = Debug|Any CPU
		{87FFECB3-4D1A-42AF-A4C7-99817F55001D}.Debug|iPhoneSimulator.Build.0 = Debug|Any CPU
		{87FFECB3-4D1A-42AF-A4C7-99817F55001D}.Debug|x64.ActiveCfg = Debug|Any CPU
		{87FFECB3-4D1A-42AF-A4C7-99817F55001D}.Debug|x64.Build.0 = Debug|Any CPU
		{87FFECB3-4D1A-42AF-A4C7-99817F55001D}.Debug|x86.ActiveCfg = Debug|Any CPU
		{87FFECB3-4D1A-42AF-A4C7-99817F55001D}.Debug|x86.Build.0 = Debug|Any CPU
		{87FFECB3-4D1A-42AF-A4C7-99817F55001D}.Release|Any CPU.ActiveCfg = Release|Any CPU
		{87FFECB3-4D1A-42AF-A4C7-99817F55001D}.Release|Any CPU.Build.0 = Release|Any CPU
		{87FFECB3-4D1A-42AF-A4C7-99817F55001D}.Release|ARM.ActiveCfg = Release|Any CPU
		{87FFECB3-4D1A-42AF-A4C7-99817F55001D}.Release|ARM.Build.0 = Release|Any CPU
		{87FFECB3-4D1A-42AF-A4C7-99817F55001D}.Release|iPhone.ActiveCfg = Release|Any CPU
		{87FFECB3-4D1A-42AF-A4C7-99817F55001D}.Release|iPhone.Build.0 = Release|Any CPU
		{87FFECB3-4D1A-42AF-A4C7-99817F55001D}.Release|iPhoneSimulator.ActiveCfg = Release|Any CPU
		{87FFECB3-4D1A-42AF-A4C7-99817F55001D}.Release|iPhoneSimulator.Build.0 = Release|Any CPU
		{87FFECB3-4D1A-42AF-A4C7-99817F55001D}.Release|x64.ActiveCfg = Release|Any CPU
		{87FFECB3-4D1A-42AF-A4C7-99817F55001D}.Release|x64.Build.0 = Release|Any CPU
		{87FFECB3-4D1A-42AF-A4C7-99817F55001D}.Release|x86.ActiveCfg = Release|Any CPU
		{87FFECB3-4D1A-42AF-A4C7-99817F55001D}.Release|x86.Build.0 = Release|Any CPU
		{FE8D379F-B6E2-4269-BF31-3AA8F173A6DC}.Ad-Hoc|Any CPU.ActiveCfg = Debug|Any CPU
		{FE8D379F-B6E2-4269-BF31-3AA8F173A6DC}.Ad-Hoc|Any CPU.Build.0 = Debug|Any CPU
		{FE8D379F-B6E2-4269-BF31-3AA8F173A6DC}.Ad-Hoc|ARM.ActiveCfg = Debug|Any CPU
		{FE8D379F-B6E2-4269-BF31-3AA8F173A6DC}.Ad-Hoc|ARM.Build.0 = Debug|Any CPU
		{FE8D379F-B6E2-4269-BF31-3AA8F173A6DC}.Ad-Hoc|iPhone.ActiveCfg = Debug|Any CPU
		{FE8D379F-B6E2-4269-BF31-3AA8F173A6DC}.Ad-Hoc|iPhone.Build.0 = Debug|Any CPU
		{FE8D379F-B6E2-4269-BF31-3AA8F173A6DC}.Ad-Hoc|iPhoneSimulator.ActiveCfg = Debug|Any CPU
		{FE8D379F-B6E2-4269-BF31-3AA8F173A6DC}.Ad-Hoc|iPhoneSimulator.Build.0 = Debug|Any CPU
		{FE8D379F-B6E2-4269-BF31-3AA8F173A6DC}.Ad-Hoc|x64.ActiveCfg = Debug|Any CPU
		{FE8D379F-B6E2-4269-BF31-3AA8F173A6DC}.Ad-Hoc|x64.Build.0 = Debug|Any CPU
		{FE8D379F-B6E2-4269-BF31-3AA8F173A6DC}.Ad-Hoc|x86.ActiveCfg = Debug|Any CPU
		{FE8D379F-B6E2-4269-BF31-3AA8F173A6DC}.Ad-Hoc|x86.Build.0 = Debug|Any CPU
		{FE8D379F-B6E2-4269-BF31-3AA8F173A6DC}.AppStore|Any CPU.ActiveCfg = Debug|Any CPU
		{FE8D379F-B6E2-4269-BF31-3AA8F173A6DC}.AppStore|Any CPU.Build.0 = Debug|Any CPU
		{FE8D379F-B6E2-4269-BF31-3AA8F173A6DC}.AppStore|ARM.ActiveCfg = Debug|Any CPU
		{FE8D379F-B6E2-4269-BF31-3AA8F173A6DC}.AppStore|ARM.Build.0 = Debug|Any CPU
		{FE8D379F-B6E2-4269-BF31-3AA8F173A6DC}.AppStore|iPhone.ActiveCfg = Debug|Any CPU
		{FE8D379F-B6E2-4269-BF31-3AA8F173A6DC}.AppStore|iPhone.Build.0 = Debug|Any CPU
		{FE8D379F-B6E2-4269-BF31-3AA8F173A6DC}.AppStore|iPhoneSimulator.ActiveCfg = Debug|Any CPU
		{FE8D379F-B6E2-4269-BF31-3AA8F173A6DC}.AppStore|iPhoneSimulator.Build.0 = Debug|Any CPU
		{FE8D379F-B6E2-4269-BF31-3AA8F173A6DC}.AppStore|x64.ActiveCfg = Debug|Any CPU
		{FE8D379F-B6E2-4269-BF31-3AA8F173A6DC}.AppStore|x64.Build.0 = Debug|Any CPU
		{FE8D379F-B6E2-4269-BF31-3AA8F173A6DC}.AppStore|x86.ActiveCfg = Debug|Any CPU
		{FE8D379F-B6E2-4269-BF31-3AA8F173A6DC}.AppStore|x86.Build.0 = Debug|Any CPU
		{FE8D379F-B6E2-4269-BF31-3AA8F173A6DC}.Debug|Any CPU.ActiveCfg = Debug|Any CPU
		{FE8D379F-B6E2-4269-BF31-3AA8F173A6DC}.Debug|Any CPU.Build.0 = Debug|Any CPU
		{FE8D379F-B6E2-4269-BF31-3AA8F173A6DC}.Debug|ARM.ActiveCfg = Debug|Any CPU
		{FE8D379F-B6E2-4269-BF31-3AA8F173A6DC}.Debug|ARM.Build.0 = Debug|Any CPU
		{FE8D379F-B6E2-4269-BF31-3AA8F173A6DC}.Debug|iPhone.ActiveCfg = Debug|Any CPU
		{FE8D379F-B6E2-4269-BF31-3AA8F173A6DC}.Debug|iPhone.Build.0 = Debug|Any CPU
		{FE8D379F-B6E2-4269-BF31-3AA8F173A6DC}.Debug|iPhoneSimulator.ActiveCfg = Debug|Any CPU
		{FE8D379F-B6E2-4269-BF31-3AA8F173A6DC}.Debug|iPhoneSimulator.Build.0 = Debug|Any CPU
		{FE8D379F-B6E2-4269-BF31-3AA8F173A6DC}.Debug|x64.ActiveCfg = Debug|Any CPU
		{FE8D379F-B6E2-4269-BF31-3AA8F173A6DC}.Debug|x64.Build.0 = Debug|Any CPU
		{FE8D379F-B6E2-4269-BF31-3AA8F173A6DC}.Debug|x86.ActiveCfg = Debug|Any CPU
		{FE8D379F-B6E2-4269-BF31-3AA8F173A6DC}.Debug|x86.Build.0 = Debug|Any CPU
		{FE8D379F-B6E2-4269-BF31-3AA8F173A6DC}.Release|Any CPU.ActiveCfg = Release|Any CPU
		{FE8D379F-B6E2-4269-BF31-3AA8F173A6DC}.Release|Any CPU.Build.0 = Release|Any CPU
		{FE8D379F-B6E2-4269-BF31-3AA8F173A6DC}.Release|ARM.ActiveCfg = Release|Any CPU
		{FE8D379F-B6E2-4269-BF31-3AA8F173A6DC}.Release|ARM.Build.0 = Release|Any CPU
		{FE8D379F-B6E2-4269-BF31-3AA8F173A6DC}.Release|iPhone.ActiveCfg = Release|Any CPU
		{FE8D379F-B6E2-4269-BF31-3AA8F173A6DC}.Release|iPhone.Build.0 = Release|Any CPU
		{FE8D379F-B6E2-4269-BF31-3AA8F173A6DC}.Release|iPhoneSimulator.ActiveCfg = Release|Any CPU
		{FE8D379F-B6E2-4269-BF31-3AA8F173A6DC}.Release|iPhoneSimulator.Build.0 = Release|Any CPU
		{FE8D379F-B6E2-4269-BF31-3AA8F173A6DC}.Release|x64.ActiveCfg = Release|Any CPU
		{FE8D379F-B6E2-4269-BF31-3AA8F173A6DC}.Release|x64.Build.0 = Release|Any CPU
		{FE8D379F-B6E2-4269-BF31-3AA8F173A6DC}.Release|x86.ActiveCfg = Release|Any CPU
		{FE8D379F-B6E2-4269-BF31-3AA8F173A6DC}.Release|x86.Build.0 = Release|Any CPU
		{2A1C39C4-A05F-429A-97DC-A206E0D1F78E}.Ad-Hoc|Any CPU.ActiveCfg = Release|x64
		{2A1C39C4-A05F-429A-97DC-A206E0D1F78E}.Ad-Hoc|Any CPU.Build.0 = Release|x64
		{2A1C39C4-A05F-429A-97DC-A206E0D1F78E}.Ad-Hoc|Any CPU.Deploy.0 = Release|x64
		{2A1C39C4-A05F-429A-97DC-A206E0D1F78E}.Ad-Hoc|ARM.ActiveCfg = Release|ARM
		{2A1C39C4-A05F-429A-97DC-A206E0D1F78E}.Ad-Hoc|ARM.Build.0 = Release|ARM
		{2A1C39C4-A05F-429A-97DC-A206E0D1F78E}.Ad-Hoc|ARM.Deploy.0 = Release|ARM
		{2A1C39C4-A05F-429A-97DC-A206E0D1F78E}.Ad-Hoc|iPhone.ActiveCfg = Release|x64
		{2A1C39C4-A05F-429A-97DC-A206E0D1F78E}.Ad-Hoc|iPhone.Build.0 = Release|x64
		{2A1C39C4-A05F-429A-97DC-A206E0D1F78E}.Ad-Hoc|iPhone.Deploy.0 = Release|x64
		{2A1C39C4-A05F-429A-97DC-A206E0D1F78E}.Ad-Hoc|iPhoneSimulator.ActiveCfg = Release|x64
		{2A1C39C4-A05F-429A-97DC-A206E0D1F78E}.Ad-Hoc|iPhoneSimulator.Build.0 = Release|x64
		{2A1C39C4-A05F-429A-97DC-A206E0D1F78E}.Ad-Hoc|iPhoneSimulator.Deploy.0 = Release|x64
		{2A1C39C4-A05F-429A-97DC-A206E0D1F78E}.Ad-Hoc|x64.ActiveCfg = Release|x64
		{2A1C39C4-A05F-429A-97DC-A206E0D1F78E}.Ad-Hoc|x64.Build.0 = Release|x64
		{2A1C39C4-A05F-429A-97DC-A206E0D1F78E}.Ad-Hoc|x64.Deploy.0 = Release|x64
		{2A1C39C4-A05F-429A-97DC-A206E0D1F78E}.Ad-Hoc|x86.ActiveCfg = Release|x86
		{2A1C39C4-A05F-429A-97DC-A206E0D1F78E}.Ad-Hoc|x86.Build.0 = Release|x86
		{2A1C39C4-A05F-429A-97DC-A206E0D1F78E}.Ad-Hoc|x86.Deploy.0 = Release|x86
		{2A1C39C4-A05F-429A-97DC-A206E0D1F78E}.AppStore|Any CPU.ActiveCfg = Release|x64
		{2A1C39C4-A05F-429A-97DC-A206E0D1F78E}.AppStore|Any CPU.Build.0 = Release|x64
		{2A1C39C4-A05F-429A-97DC-A206E0D1F78E}.AppStore|Any CPU.Deploy.0 = Release|x64
		{2A1C39C4-A05F-429A-97DC-A206E0D1F78E}.AppStore|ARM.ActiveCfg = Release|ARM
		{2A1C39C4-A05F-429A-97DC-A206E0D1F78E}.AppStore|ARM.Build.0 = Release|ARM
		{2A1C39C4-A05F-429A-97DC-A206E0D1F78E}.AppStore|ARM.Deploy.0 = Release|ARM
		{2A1C39C4-A05F-429A-97DC-A206E0D1F78E}.AppStore|iPhone.ActiveCfg = Release|x64
		{2A1C39C4-A05F-429A-97DC-A206E0D1F78E}.AppStore|iPhone.Build.0 = Release|x64
		{2A1C39C4-A05F-429A-97DC-A206E0D1F78E}.AppStore|iPhone.Deploy.0 = Release|x64
		{2A1C39C4-A05F-429A-97DC-A206E0D1F78E}.AppStore|iPhoneSimulator.ActiveCfg = Release|x64
		{2A1C39C4-A05F-429A-97DC-A206E0D1F78E}.AppStore|iPhoneSimulator.Build.0 = Release|x64
		{2A1C39C4-A05F-429A-97DC-A206E0D1F78E}.AppStore|iPhoneSimulator.Deploy.0 = Release|x64
		{2A1C39C4-A05F-429A-97DC-A206E0D1F78E}.AppStore|x64.ActiveCfg = Release|x64
		{2A1C39C4-A05F-429A-97DC-A206E0D1F78E}.AppStore|x64.Build.0 = Release|x64
		{2A1C39C4-A05F-429A-97DC-A206E0D1F78E}.AppStore|x64.Deploy.0 = Release|x64
		{2A1C39C4-A05F-429A-97DC-A206E0D1F78E}.AppStore|x86.ActiveCfg = Release|x86
		{2A1C39C4-A05F-429A-97DC-A206E0D1F78E}.AppStore|x86.Build.0 = Release|x86
		{2A1C39C4-A05F-429A-97DC-A206E0D1F78E}.AppStore|x86.Deploy.0 = Release|x86
		{2A1C39C4-A05F-429A-97DC-A206E0D1F78E}.Debug|Any CPU.ActiveCfg = Debug|x86
		{2A1C39C4-A05F-429A-97DC-A206E0D1F78E}.Debug|ARM.ActiveCfg = Debug|ARM
		{2A1C39C4-A05F-429A-97DC-A206E0D1F78E}.Debug|ARM.Build.0 = Debug|ARM
		{2A1C39C4-A05F-429A-97DC-A206E0D1F78E}.Debug|ARM.Deploy.0 = Debug|ARM
		{2A1C39C4-A05F-429A-97DC-A206E0D1F78E}.Debug|iPhone.ActiveCfg = Debug|x86
		{2A1C39C4-A05F-429A-97DC-A206E0D1F78E}.Debug|iPhoneSimulator.ActiveCfg = Debug|x86
		{2A1C39C4-A05F-429A-97DC-A206E0D1F78E}.Debug|x64.ActiveCfg = Debug|x64
		{2A1C39C4-A05F-429A-97DC-A206E0D1F78E}.Debug|x64.Build.0 = Debug|x64
		{2A1C39C4-A05F-429A-97DC-A206E0D1F78E}.Debug|x64.Deploy.0 = Debug|x64
		{2A1C39C4-A05F-429A-97DC-A206E0D1F78E}.Debug|x86.ActiveCfg = Debug|x86
		{2A1C39C4-A05F-429A-97DC-A206E0D1F78E}.Debug|x86.Build.0 = Debug|x86
		{2A1C39C4-A05F-429A-97DC-A206E0D1F78E}.Debug|x86.Deploy.0 = Debug|x86
		{2A1C39C4-A05F-429A-97DC-A206E0D1F78E}.Release|Any CPU.ActiveCfg = Release|x86
		{2A1C39C4-A05F-429A-97DC-A206E0D1F78E}.Release|ARM.ActiveCfg = Release|ARM
		{2A1C39C4-A05F-429A-97DC-A206E0D1F78E}.Release|ARM.Build.0 = Release|ARM
		{2A1C39C4-A05F-429A-97DC-A206E0D1F78E}.Release|ARM.Deploy.0 = Release|ARM
		{2A1C39C4-A05F-429A-97DC-A206E0D1F78E}.Release|iPhone.ActiveCfg = Release|x86
		{2A1C39C4-A05F-429A-97DC-A206E0D1F78E}.Release|iPhoneSimulator.ActiveCfg = Release|x86
		{2A1C39C4-A05F-429A-97DC-A206E0D1F78E}.Release|x64.ActiveCfg = Release|x64
		{2A1C39C4-A05F-429A-97DC-A206E0D1F78E}.Release|x64.Build.0 = Release|x64
		{2A1C39C4-A05F-429A-97DC-A206E0D1F78E}.Release|x64.Deploy.0 = Release|x64
		{2A1C39C4-A05F-429A-97DC-A206E0D1F78E}.Release|x86.ActiveCfg = Release|x86
		{2A1C39C4-A05F-429A-97DC-A206E0D1F78E}.Release|x86.Build.0 = Release|x86
		{2A1C39C4-A05F-429A-97DC-A206E0D1F78E}.Release|x86.Deploy.0 = Release|x86
		{43471623-F77F-4EBE-B3E1-B80815D17E4A}.Ad-Hoc|Any CPU.ActiveCfg = Debug|Any CPU
		{43471623-F77F-4EBE-B3E1-B80815D17E4A}.Ad-Hoc|Any CPU.Build.0 = Debug|Any CPU
		{43471623-F77F-4EBE-B3E1-B80815D17E4A}.Ad-Hoc|ARM.ActiveCfg = Debug|Any CPU
		{43471623-F77F-4EBE-B3E1-B80815D17E4A}.Ad-Hoc|ARM.Build.0 = Debug|Any CPU
		{43471623-F77F-4EBE-B3E1-B80815D17E4A}.Ad-Hoc|iPhone.ActiveCfg = Debug|Any CPU
		{43471623-F77F-4EBE-B3E1-B80815D17E4A}.Ad-Hoc|iPhone.Build.0 = Debug|Any CPU
		{43471623-F77F-4EBE-B3E1-B80815D17E4A}.Ad-Hoc|iPhoneSimulator.ActiveCfg = Debug|Any CPU
		{43471623-F77F-4EBE-B3E1-B80815D17E4A}.Ad-Hoc|iPhoneSimulator.Build.0 = Debug|Any CPU
		{43471623-F77F-4EBE-B3E1-B80815D17E4A}.Ad-Hoc|x64.ActiveCfg = Debug|Any CPU
		{43471623-F77F-4EBE-B3E1-B80815D17E4A}.Ad-Hoc|x64.Build.0 = Debug|Any CPU
		{43471623-F77F-4EBE-B3E1-B80815D17E4A}.Ad-Hoc|x86.ActiveCfg = Debug|Any CPU
		{43471623-F77F-4EBE-B3E1-B80815D17E4A}.Ad-Hoc|x86.Build.0 = Debug|Any CPU
		{43471623-F77F-4EBE-B3E1-B80815D17E4A}.AppStore|Any CPU.ActiveCfg = Debug|Any CPU
		{43471623-F77F-4EBE-B3E1-B80815D17E4A}.AppStore|Any CPU.Build.0 = Debug|Any CPU
		{43471623-F77F-4EBE-B3E1-B80815D17E4A}.AppStore|ARM.ActiveCfg = Debug|Any CPU
		{43471623-F77F-4EBE-B3E1-B80815D17E4A}.AppStore|ARM.Build.0 = Debug|Any CPU
		{43471623-F77F-4EBE-B3E1-B80815D17E4A}.AppStore|iPhone.ActiveCfg = Debug|Any CPU
		{43471623-F77F-4EBE-B3E1-B80815D17E4A}.AppStore|iPhone.Build.0 = Debug|Any CPU
		{43471623-F77F-4EBE-B3E1-B80815D17E4A}.AppStore|iPhoneSimulator.ActiveCfg = Debug|Any CPU
		{43471623-F77F-4EBE-B3E1-B80815D17E4A}.AppStore|iPhoneSimulator.Build.0 = Debug|Any CPU
		{43471623-F77F-4EBE-B3E1-B80815D17E4A}.AppStore|x64.ActiveCfg = Debug|Any CPU
		{43471623-F77F-4EBE-B3E1-B80815D17E4A}.AppStore|x64.Build.0 = Debug|Any CPU
		{43471623-F77F-4EBE-B3E1-B80815D17E4A}.AppStore|x86.ActiveCfg = Debug|Any CPU
		{43471623-F77F-4EBE-B3E1-B80815D17E4A}.AppStore|x86.Build.0 = Debug|Any CPU
		{43471623-F77F-4EBE-B3E1-B80815D17E4A}.Debug|Any CPU.ActiveCfg = Debug|Any CPU
		{43471623-F77F-4EBE-B3E1-B80815D17E4A}.Debug|Any CPU.Build.0 = Debug|Any CPU
		{43471623-F77F-4EBE-B3E1-B80815D17E4A}.Debug|ARM.ActiveCfg = Debug|Any CPU
		{43471623-F77F-4EBE-B3E1-B80815D17E4A}.Debug|ARM.Build.0 = Debug|Any CPU
		{43471623-F77F-4EBE-B3E1-B80815D17E4A}.Debug|iPhone.ActiveCfg = Debug|Any CPU
		{43471623-F77F-4EBE-B3E1-B80815D17E4A}.Debug|iPhone.Build.0 = Debug|Any CPU
		{43471623-F77F-4EBE-B3E1-B80815D17E4A}.Debug|iPhoneSimulator.ActiveCfg = Debug|Any CPU
		{43471623-F77F-4EBE-B3E1-B80815D17E4A}.Debug|iPhoneSimulator.Build.0 = Debug|Any CPU
		{43471623-F77F-4EBE-B3E1-B80815D17E4A}.Debug|x64.ActiveCfg = Debug|Any CPU
		{43471623-F77F-4EBE-B3E1-B80815D17E4A}.Debug|x64.Build.0 = Debug|Any CPU
		{43471623-F77F-4EBE-B3E1-B80815D17E4A}.Debug|x86.ActiveCfg = Debug|Any CPU
		{43471623-F77F-4EBE-B3E1-B80815D17E4A}.Debug|x86.Build.0 = Debug|Any CPU
		{43471623-F77F-4EBE-B3E1-B80815D17E4A}.Release|Any CPU.ActiveCfg = Release|Any CPU
		{43471623-F77F-4EBE-B3E1-B80815D17E4A}.Release|Any CPU.Build.0 = Release|Any CPU
		{43471623-F77F-4EBE-B3E1-B80815D17E4A}.Release|ARM.ActiveCfg = Release|Any CPU
		{43471623-F77F-4EBE-B3E1-B80815D17E4A}.Release|ARM.Build.0 = Release|Any CPU
		{43471623-F77F-4EBE-B3E1-B80815D17E4A}.Release|iPhone.ActiveCfg = Release|Any CPU
		{43471623-F77F-4EBE-B3E1-B80815D17E4A}.Release|iPhone.Build.0 = Release|Any CPU
		{43471623-F77F-4EBE-B3E1-B80815D17E4A}.Release|iPhoneSimulator.ActiveCfg = Release|Any CPU
		{43471623-F77F-4EBE-B3E1-B80815D17E4A}.Release|iPhoneSimulator.Build.0 = Release|Any CPU
		{43471623-F77F-4EBE-B3E1-B80815D17E4A}.Release|x64.ActiveCfg = Release|Any CPU
		{43471623-F77F-4EBE-B3E1-B80815D17E4A}.Release|x64.Build.0 = Release|Any CPU
		{43471623-F77F-4EBE-B3E1-B80815D17E4A}.Release|x86.ActiveCfg = Release|Any CPU
		{43471623-F77F-4EBE-B3E1-B80815D17E4A}.Release|x86.Build.0 = Release|Any CPU
		{C423FFB0-B7B0-4632-A677-0B4D5591B202}.Ad-Hoc|Any CPU.ActiveCfg = Debug|Any CPU
		{C423FFB0-B7B0-4632-A677-0B4D5591B202}.Ad-Hoc|Any CPU.Build.0 = Debug|Any CPU
		{C423FFB0-B7B0-4632-A677-0B4D5591B202}.Ad-Hoc|ARM.ActiveCfg = Debug|Any CPU
		{C423FFB0-B7B0-4632-A677-0B4D5591B202}.Ad-Hoc|ARM.Build.0 = Debug|Any CPU
		{C423FFB0-B7B0-4632-A677-0B4D5591B202}.Ad-Hoc|iPhone.ActiveCfg = Debug|Any CPU
		{C423FFB0-B7B0-4632-A677-0B4D5591B202}.Ad-Hoc|iPhone.Build.0 = Debug|Any CPU
		{C423FFB0-B7B0-4632-A677-0B4D5591B202}.Ad-Hoc|iPhoneSimulator.ActiveCfg = Debug|Any CPU
		{C423FFB0-B7B0-4632-A677-0B4D5591B202}.Ad-Hoc|iPhoneSimulator.Build.0 = Debug|Any CPU
		{C423FFB0-B7B0-4632-A677-0B4D5591B202}.Ad-Hoc|x64.ActiveCfg = Debug|Any CPU
		{C423FFB0-B7B0-4632-A677-0B4D5591B202}.Ad-Hoc|x64.Build.0 = Debug|Any CPU
		{C423FFB0-B7B0-4632-A677-0B4D5591B202}.Ad-Hoc|x86.ActiveCfg = Debug|Any CPU
		{C423FFB0-B7B0-4632-A677-0B4D5591B202}.Ad-Hoc|x86.Build.0 = Debug|Any CPU
		{C423FFB0-B7B0-4632-A677-0B4D5591B202}.AppStore|Any CPU.ActiveCfg = Debug|Any CPU
		{C423FFB0-B7B0-4632-A677-0B4D5591B202}.AppStore|Any CPU.Build.0 = Debug|Any CPU
		{C423FFB0-B7B0-4632-A677-0B4D5591B202}.AppStore|ARM.ActiveCfg = Debug|Any CPU
		{C423FFB0-B7B0-4632-A677-0B4D5591B202}.AppStore|ARM.Build.0 = Debug|Any CPU
		{C423FFB0-B7B0-4632-A677-0B4D5591B202}.AppStore|iPhone.ActiveCfg = Debug|Any CPU
		{C423FFB0-B7B0-4632-A677-0B4D5591B202}.AppStore|iPhone.Build.0 = Debug|Any CPU
		{C423FFB0-B7B0-4632-A677-0B4D5591B202}.AppStore|iPhoneSimulator.ActiveCfg = Debug|Any CPU
		{C423FFB0-B7B0-4632-A677-0B4D5591B202}.AppStore|iPhoneSimulator.Build.0 = Debug|Any CPU
		{C423FFB0-B7B0-4632-A677-0B4D5591B202}.AppStore|x64.ActiveCfg = Debug|Any CPU
		{C423FFB0-B7B0-4632-A677-0B4D5591B202}.AppStore|x64.Build.0 = Debug|Any CPU
		{C423FFB0-B7B0-4632-A677-0B4D5591B202}.AppStore|x86.ActiveCfg = Debug|Any CPU
		{C423FFB0-B7B0-4632-A677-0B4D5591B202}.AppStore|x86.Build.0 = Debug|Any CPU
		{C423FFB0-B7B0-4632-A677-0B4D5591B202}.Debug|Any CPU.ActiveCfg = Debug|Any CPU
		{C423FFB0-B7B0-4632-A677-0B4D5591B202}.Debug|Any CPU.Build.0 = Debug|Any CPU
		{C423FFB0-B7B0-4632-A677-0B4D5591B202}.Debug|ARM.ActiveCfg = Debug|Any CPU
		{C423FFB0-B7B0-4632-A677-0B4D5591B202}.Debug|ARM.Build.0 = Debug|Any CPU
		{C423FFB0-B7B0-4632-A677-0B4D5591B202}.Debug|iPhone.ActiveCfg = Debug|Any CPU
		{C423FFB0-B7B0-4632-A677-0B4D5591B202}.Debug|iPhone.Build.0 = Debug|Any CPU
		{C423FFB0-B7B0-4632-A677-0B4D5591B202}.Debug|iPhoneSimulator.ActiveCfg = Debug|Any CPU
		{C423FFB0-B7B0-4632-A677-0B4D5591B202}.Debug|iPhoneSimulator.Build.0 = Debug|Any CPU
		{C423FFB0-B7B0-4632-A677-0B4D5591B202}.Debug|x64.ActiveCfg = Debug|Any CPU
		{C423FFB0-B7B0-4632-A677-0B4D5591B202}.Debug|x64.Build.0 = Debug|Any CPU
		{C423FFB0-B7B0-4632-A677-0B4D5591B202}.Debug|x86.ActiveCfg = Debug|Any CPU
		{C423FFB0-B7B0-4632-A677-0B4D5591B202}.Debug|x86.Build.0 = Debug|Any CPU
		{C423FFB0-B7B0-4632-A677-0B4D5591B202}.Release|Any CPU.ActiveCfg = Release|Any CPU
		{C423FFB0-B7B0-4632-A677-0B4D5591B202}.Release|Any CPU.Build.0 = Release|Any CPU
		{C423FFB0-B7B0-4632-A677-0B4D5591B202}.Release|ARM.ActiveCfg = Release|Any CPU
		{C423FFB0-B7B0-4632-A677-0B4D5591B202}.Release|ARM.Build.0 = Release|Any CPU
		{C423FFB0-B7B0-4632-A677-0B4D5591B202}.Release|iPhone.ActiveCfg = Release|Any CPU
		{C423FFB0-B7B0-4632-A677-0B4D5591B202}.Release|iPhone.Build.0 = Release|Any CPU
		{C423FFB0-B7B0-4632-A677-0B4D5591B202}.Release|iPhoneSimulator.ActiveCfg = Release|Any CPU
		{C423FFB0-B7B0-4632-A677-0B4D5591B202}.Release|iPhoneSimulator.Build.0 = Release|Any CPU
		{C423FFB0-B7B0-4632-A677-0B4D5591B202}.Release|x64.ActiveCfg = Release|Any CPU
		{C423FFB0-B7B0-4632-A677-0B4D5591B202}.Release|x64.Build.0 = Release|Any CPU
		{C423FFB0-B7B0-4632-A677-0B4D5591B202}.Release|x86.ActiveCfg = Release|Any CPU
		{C423FFB0-B7B0-4632-A677-0B4D5591B202}.Release|x86.Build.0 = Release|Any CPU
	EndGlobalSection
	GlobalSection(SolutionProperties) = preSolution
		HideSolutionNode = FALSE
	EndGlobalSection
	GlobalSection(ExtensibilityGlobals) = postSolution
		SolutionGuid = {FA03F2BF-EED5-4B13-913A-DB85E6DCA9FF}
	EndGlobalSection
EndGlobal
