
Microsoft Visual Studio Solution File, Format Version 12.00
# Visual Studio 15
VisualStudioVersion = 15.0.27924.0
MinimumVisualStudioVersion = 10.0.40219.1
Project("{FAE04EC0-301F-11D3-BF4B-00C04F79EFBC}") = "AutoActive.Android", "AutoActive\AutoActive.Android\AutoActive.Android.csproj", "{C80EE79C-190F-47FC-801A-849FA892E022}"
EndProject
Project("{FAE04EC0-301F-11D3-BF4B-00C04F79EFBC}") = "AutoActive.iOS", "AutoActive\AutoActive.iOS\AutoActive.iOS.csproj", "{E8B898A5-2000-4641-AF7B-E6FF6D055E2E}"
EndProject
Project("{FAE04EC0-301F-11D3-BF4B-00C04F79EFBC}") = "AutoActive.UWP", "AutoActive\AutoActive.UWP\AutoActive.UWP.csproj", "{1BD99D96-0C07-4FE6-8C3D-4923232FDB06}"
EndProject
Project("{9A19103F-16F7-4668-BE54-9A1E7A4F7556}") = "AutoActive", "AutoActive\AutoActive\AutoActive.csproj", "{87C549CE-F228-418B-9CA8-5C34B5D7B1A5}"
EndProject
Project("{9A19103F-16F7-4668-BE54-9A1E7A4F7556}") = "Archive", "Archive\Archive.csproj", "{8B917A81-EF10-44DA-8675-25B89294B462}"
EndProject
Project("{FAE04EC0-301F-11D3-BF4B-00C04F79EFBC}") = "Databus", "Databus\Databus.csproj", "{F36D4DE0-5DF4-484E-9941-C7093E0D9D82}"
EndProject
Global
	GlobalSection(SolutionConfigurationPlatforms) = preSolution
		Ad-Hoc|Any CPU = Ad-Hoc|Any CPU
		Ad-Hoc|ARM = Ad-Hoc|ARM
		Ad-Hoc|iPhone = Ad-Hoc|iPhone
		Ad-Hoc|iPhoneSimulator = Ad-Hoc|iPhoneSimulator
		Ad-Hoc|x64 = Ad-Hoc|x64
		Ad-Hoc|x86 = Ad-Hoc|x86
		AppStore|Any CPU = AppStore|Any CPU
		AppStore|ARM = AppStore|ARM
		AppStore|iPhone = AppStore|iPhone
		AppStore|iPhoneSimulator = AppStore|iPhoneSimulator
		AppStore|x64 = AppStore|x64
		AppStore|x86 = AppStore|x86
		Debug|Any CPU = Debug|Any CPU
		Debug|ARM = Debug|ARM
		Debug|iPhone = Debug|iPhone
		Debug|iPhoneSimulator = Debug|iPhoneSimulator
		Debug|x64 = Debug|x64
		Debug|x86 = Debug|x86
		Release|Any CPU = Release|Any CPU
		Release|ARM = Release|ARM
		Release|iPhone = Release|iPhone
		Release|iPhoneSimulator = Release|iPhoneSimulator
		Release|x64 = Release|x64
		Release|x86 = Release|x86
	EndGlobalSection
	GlobalSection(ProjectConfigurationPlatforms) = postSolution
		{C80EE79C-190F-47FC-801A-849FA892E022}.Ad-Hoc|Any CPU.ActiveCfg = Release|Any CPU
		{C80EE79C-190F-47FC-801A-849FA892E022}.Ad-Hoc|Any CPU.Build.0 = Release|Any CPU
		{C80EE79C-190F-47FC-801A-849FA892E022}.Ad-Hoc|Any CPU.Deploy.0 = Release|Any CPU
		{C80EE79C-190F-47FC-801A-849FA892E022}.Ad-Hoc|ARM.ActiveCfg = Release|Any CPU
		{C80EE79C-190F-47FC-801A-849FA892E022}.Ad-Hoc|ARM.Build.0 = Release|Any CPU
		{C80EE79C-190F-47FC-801A-849FA892E022}.Ad-Hoc|ARM.Deploy.0 = Release|Any CPU
		{C80EE79C-190F-47FC-801A-849FA892E022}.Ad-Hoc|iPhone.ActiveCfg = Release|Any CPU
		{C80EE79C-190F-47FC-801A-849FA892E022}.Ad-Hoc|iPhone.Build.0 = Release|Any CPU
		{C80EE79C-190F-47FC-801A-849FA892E022}.Ad-Hoc|iPhone.Deploy.0 = Release|Any CPU
		{C80EE79C-190F-47FC-801A-849FA892E022}.Ad-Hoc|iPhoneSimulator.ActiveCfg = Release|Any CPU
		{C80EE79C-190F-47FC-801A-849FA892E022}.Ad-Hoc|iPhoneSimulator.Build.0 = Release|Any CPU
		{C80EE79C-190F-47FC-801A-849FA892E022}.Ad-Hoc|iPhoneSimulator.Deploy.0 = Release|Any CPU
		{C80EE79C-190F-47FC-801A-849FA892E022}.Ad-Hoc|x64.ActiveCfg = Release|Any CPU
		{C80EE79C-190F-47FC-801A-849FA892E022}.Ad-Hoc|x64.Build.0 = Release|Any CPU
		{C80EE79C-190F-47FC-801A-849FA892E022}.Ad-Hoc|x64.Deploy.0 = Release|Any CPU
		{C80EE79C-190F-47FC-801A-849FA892E022}.Ad-Hoc|x86.ActiveCfg = Release|Any CPU
		{C80EE79C-190F-47FC-801A-849FA892E022}.Ad-Hoc|x86.Build.0 = Release|Any CPU
		{C80EE79C-190F-47FC-801A-849FA892E022}.Ad-Hoc|x86.Deploy.0 = Release|Any CPU
		{C80EE79C-190F-47FC-801A-849FA892E022}.AppStore|Any CPU.ActiveCfg = Release|Any CPU
		{C80EE79C-190F-47FC-801A-849FA892E022}.AppStore|Any CPU.Build.0 = Release|Any CPU
		{C80EE79C-190F-47FC-801A-849FA892E022}.AppStore|Any CPU.Deploy.0 = Release|Any CPU
		{C80EE79C-190F-47FC-801A-849FA892E022}.AppStore|ARM.ActiveCfg = Release|Any CPU
		{C80EE79C-190F-47FC-801A-849FA892E022}.AppStore|ARM.Build.0 = Release|Any CPU
		{C80EE79C-190F-47FC-801A-849FA892E022}.AppStore|ARM.Deploy.0 = Release|Any CPU
		{C80EE79C-190F-47FC-801A-849FA892E022}.AppStore|iPhone.ActiveCfg = Release|Any CPU
		{C80EE79C-190F-47FC-801A-849FA892E022}.AppStore|iPhone.Build.0 = Release|Any CPU
		{C80EE79C-190F-47FC-801A-849FA892E022}.AppStore|iPhone.Deploy.0 = Release|Any CPU
		{C80EE79C-190F-47FC-801A-849FA892E022}.AppStore|iPhoneSimulator.ActiveCfg = Release|Any CPU
		{C80EE79C-190F-47FC-801A-849FA892E022}.AppStore|iPhoneSimulator.Build.0 = Release|Any CPU
		{C80EE79C-190F-47FC-801A-849FA892E022}.AppStore|iPhoneSimulator.Deploy.0 = Release|Any CPU
		{C80EE79C-190F-47FC-801A-849FA892E022}.AppStore|x64.ActiveCfg = Release|Any CPU
		{C80EE79C-190F-47FC-801A-849FA892E022}.AppStore|x64.Build.0 = Release|Any CPU
		{C80EE79C-190F-47FC-801A-849FA892E022}.AppStore|x64.Deploy.0 = Release|Any CPU
		{C80EE79C-190F-47FC-801A-849FA892E022}.AppStore|x86.ActiveCfg = Release|Any CPU
		{C80EE79C-190F-47FC-801A-849FA892E022}.AppStore|x86.Build.0 = Release|Any CPU
		{C80EE79C-190F-47FC-801A-849FA892E022}.AppStore|x86.Deploy.0 = Release|Any CPU
		{C80EE79C-190F-47FC-801A-849FA892E022}.Debug|Any CPU.ActiveCfg = Debug|Any CPU
		{C80EE79C-190F-47FC-801A-849FA892E022}.Debug|Any CPU.Build.0 = Debug|Any CPU
		{C80EE79C-190F-47FC-801A-849FA892E022}.Debug|Any CPU.Deploy.0 = Debug|Any CPU
		{C80EE79C-190F-47FC-801A-849FA892E022}.Debug|ARM.ActiveCfg = Debug|Any CPU
		{C80EE79C-190F-47FC-801A-849FA892E022}.Debug|ARM.Build.0 = Debug|Any CPU
		{C80EE79C-190F-47FC-801A-849FA892E022}.Debug|ARM.Deploy.0 = Debug|Any CPU
		{C80EE79C-190F-47FC-801A-849FA892E022}.Debug|iPhone.ActiveCfg = Debug|Any CPU
		{C80EE79C-190F-47FC-801A-849FA892E022}.Debug|iPhone.Build.0 = Debug|Any CPU
		{C80EE79C-190F-47FC-801A-849FA892E022}.Debug|iPhone.Deploy.0 = Debug|Any CPU
		{C80EE79C-190F-47FC-801A-849FA892E022}.Debug|iPhoneSimulator.ActiveCfg = Debug|Any CPU
		{C80EE79C-190F-47FC-801A-849FA892E022}.Debug|iPhoneSimulator.Build.0 = Debug|Any CPU
		{C80EE79C-190F-47FC-801A-849FA892E022}.Debug|iPhoneSimulator.Deploy.0 = Debug|Any CPU
		{C80EE79C-190F-47FC-801A-849FA892E022}.Debug|x64.ActiveCfg = Debug|Any CPU
		{C80EE79C-190F-47FC-801A-849FA892E022}.Debug|x64.Build.0 = Debug|Any CPU
		{C80EE79C-190F-47FC-801A-849FA892E022}.Debug|x64.Deploy.0 = Debug|Any CPU
		{C80EE79C-190F-47FC-801A-849FA892E022}.Debug|x86.ActiveCfg = Debug|Any CPU
		{C80EE79C-190F-47FC-801A-849FA892E022}.Debug|x86.Build.0 = Debug|Any CPU
		{C80EE79C-190F-47FC-801A-849FA892E022}.Debug|x86.Deploy.0 = Debug|Any CPU
		{C80EE79C-190F-47FC-801A-849FA892E022}.Release|Any CPU.ActiveCfg = Release|Any CPU
		{C80EE79C-190F-47FC-801A-849FA892E022}.Release|Any CPU.Build.0 = Release|Any CPU
		{C80EE79C-190F-47FC-801A-849FA892E022}.Release|Any CPU.Deploy.0 = Release|Any CPU
		{C80EE79C-190F-47FC-801A-849FA892E022}.Release|ARM.ActiveCfg = Release|Any CPU
		{C80EE79C-190F-47FC-801A-849FA892E022}.Release|ARM.Build.0 = Release|Any CPU
		{C80EE79C-190F-47FC-801A-849FA892E022}.Release|ARM.Deploy.0 = Release|Any CPU
		{C80EE79C-190F-47FC-801A-849FA892E022}.Release|iPhone.ActiveCfg = Release|Any CPU
		{C80EE79C-190F-47FC-801A-849FA892E022}.Release|iPhone.Build.0 = Release|Any CPU
		{C80EE79C-190F-47FC-801A-849FA892E022}.Release|iPhone.Deploy.0 = Release|Any CPU
		{C80EE79C-190F-47FC-801A-849FA892E022}.Release|iPhoneSimulator.ActiveCfg = Release|Any CPU
		{C80EE79C-190F-47FC-801A-849FA892E022}.Release|iPhoneSimulator.Build.0 = Release|Any CPU
		{C80EE79C-190F-47FC-801A-849FA892E022}.Release|iPhoneSimulator.Deploy.0 = Release|Any CPU
		{C80EE79C-190F-47FC-801A-849FA892E022}.Release|x64.ActiveCfg = Release|Any CPU
		{C80EE79C-190F-47FC-801A-849FA892E022}.Release|x64.Build.0 = Release|Any CPU
		{C80EE79C-190F-47FC-801A-849FA892E022}.Release|x64.Deploy.0 = Release|Any CPU
		{C80EE79C-190F-47FC-801A-849FA892E022}.Release|x86.ActiveCfg = Release|Any CPU
		{C80EE79C-190F-47FC-801A-849FA892E022}.Release|x86.Build.0 = Release|Any CPU
		{C80EE79C-190F-47FC-801A-849FA892E022}.Release|x86.Deploy.0 = Release|Any CPU
		{E8B898A5-2000-4641-AF7B-E6FF6D055E2E}.Ad-Hoc|Any CPU.ActiveCfg = Ad-Hoc|iPhone
		{E8B898A5-2000-4641-AF7B-E6FF6D055E2E}.Ad-Hoc|Any CPU.Build.0 = Ad-Hoc|iPhone
		{E8B898A5-2000-4641-AF7B-E6FF6D055E2E}.Ad-Hoc|Any CPU.Deploy.0 = Ad-Hoc|iPhone
		{E8B898A5-2000-4641-AF7B-E6FF6D055E2E}.Ad-Hoc|ARM.ActiveCfg = Ad-Hoc|iPhone
		{E8B898A5-2000-4641-AF7B-E6FF6D055E2E}.Ad-Hoc|ARM.Build.0 = Ad-Hoc|iPhone
		{E8B898A5-2000-4641-AF7B-E6FF6D055E2E}.Ad-Hoc|ARM.Deploy.0 = Ad-Hoc|iPhone
		{E8B898A5-2000-4641-AF7B-E6FF6D055E2E}.Ad-Hoc|iPhone.ActiveCfg = Ad-Hoc|iPhone
		{E8B898A5-2000-4641-AF7B-E6FF6D055E2E}.Ad-Hoc|iPhone.Build.0 = Ad-Hoc|iPhone
		{E8B898A5-2000-4641-AF7B-E6FF6D055E2E}.Ad-Hoc|iPhone.Deploy.0 = Ad-Hoc|iPhone
		{E8B898A5-2000-4641-AF7B-E6FF6D055E2E}.Ad-Hoc|iPhoneSimulator.ActiveCfg = Ad-Hoc|iPhoneSimulator
		{E8B898A5-2000-4641-AF7B-E6FF6D055E2E}.Ad-Hoc|iPhoneSimulator.Build.0 = Ad-Hoc|iPhoneSimulator
		{E8B898A5-2000-4641-AF7B-E6FF6D055E2E}.Ad-Hoc|iPhoneSimulator.Deploy.0 = Ad-Hoc|iPhoneSimulator
		{E8B898A5-2000-4641-AF7B-E6FF6D055E2E}.Ad-Hoc|x64.ActiveCfg = Ad-Hoc|iPhone
		{E8B898A5-2000-4641-AF7B-E6FF6D055E2E}.Ad-Hoc|x64.Build.0 = Ad-Hoc|iPhone
		{E8B898A5-2000-4641-AF7B-E6FF6D055E2E}.Ad-Hoc|x64.Deploy.0 = Ad-Hoc|iPhone
		{E8B898A5-2000-4641-AF7B-E6FF6D055E2E}.Ad-Hoc|x86.ActiveCfg = Ad-Hoc|iPhone
		{E8B898A5-2000-4641-AF7B-E6FF6D055E2E}.Ad-Hoc|x86.Build.0 = Ad-Hoc|iPhone
		{E8B898A5-2000-4641-AF7B-E6FF6D055E2E}.Ad-Hoc|x86.Deploy.0 = Ad-Hoc|iPhone
		{E8B898A5-2000-4641-AF7B-E6FF6D055E2E}.AppStore|Any CPU.ActiveCfg = AppStore|iPhone
		{E8B898A5-2000-4641-AF7B-E6FF6D055E2E}.AppStore|Any CPU.Build.0 = AppStore|iPhone
		{E8B898A5-2000-4641-AF7B-E6FF6D055E2E}.AppStore|Any CPU.Deploy.0 = AppStore|iPhone
		{E8B898A5-2000-4641-AF7B-E6FF6D055E2E}.AppStore|ARM.ActiveCfg = AppStore|iPhone
		{E8B898A5-2000-4641-AF7B-E6FF6D055E2E}.AppStore|ARM.Build.0 = AppStore|iPhone
		{E8B898A5-2000-4641-AF7B-E6FF6D055E2E}.AppStore|ARM.Deploy.0 = AppStore|iPhone
		{E8B898A5-2000-4641-AF7B-E6FF6D055E2E}.AppStore|iPhone.ActiveCfg = AppStore|iPhone
		{E8B898A5-2000-4641-AF7B-E6FF6D055E2E}.AppStore|iPhone.Build.0 = AppStore|iPhone
		{E8B898A5-2000-4641-AF7B-E6FF6D055E2E}.AppStore|iPhone.Deploy.0 = AppStore|iPhone
		{E8B898A5-2000-4641-AF7B-E6FF6D055E2E}.AppStore|iPhoneSimulator.ActiveCfg = AppStore|iPhoneSimulator
		{E8B898A5-2000-4641-AF7B-E6FF6D055E2E}.AppStore|iPhoneSimulator.Build.0 = AppStore|iPhoneSimulator
		{E8B898A5-2000-4641-AF7B-E6FF6D055E2E}.AppStore|iPhoneSimulator.Deploy.0 = AppStore|iPhoneSimulator
		{E8B898A5-2000-4641-AF7B-E6FF6D055E2E}.AppStore|x64.ActiveCfg = AppStore|iPhone
		{E8B898A5-2000-4641-AF7B-E6FF6D055E2E}.AppStore|x64.Build.0 = AppStore|iPhone
		{E8B898A5-2000-4641-AF7B-E6FF6D055E2E}.AppStore|x64.Deploy.0 = AppStore|iPhone
		{E8B898A5-2000-4641-AF7B-E6FF6D055E2E}.AppStore|x86.ActiveCfg = AppStore|iPhone
		{E8B898A5-2000-4641-AF7B-E6FF6D055E2E}.AppStore|x86.Build.0 = AppStore|iPhone
		{E8B898A5-2000-4641-AF7B-E6FF6D055E2E}.AppStore|x86.Deploy.0 = AppStore|iPhone
		{E8B898A5-2000-4641-AF7B-E6FF6D055E2E}.Debug|Any CPU.ActiveCfg = Debug|iPhoneSimulator
		{E8B898A5-2000-4641-AF7B-E6FF6D055E2E}.Debug|Any CPU.Build.0 = Debug|iPhoneSimulator
		{E8B898A5-2000-4641-AF7B-E6FF6D055E2E}.Debug|Any CPU.Deploy.0 = Debug|iPhoneSimulator
		{E8B898A5-2000-4641-AF7B-E6FF6D055E2E}.Debug|ARM.ActiveCfg = Debug|iPhone
		{E8B898A5-2000-4641-AF7B-E6FF6D055E2E}.Debug|ARM.Build.0 = Debug|iPhone
		{E8B898A5-2000-4641-AF7B-E6FF6D055E2E}.Debug|ARM.Deploy.0 = Debug|iPhone
		{E8B898A5-2000-4641-AF7B-E6FF6D055E2E}.Debug|iPhone.ActiveCfg = Debug|iPhone
		{E8B898A5-2000-4641-AF7B-E6FF6D055E2E}.Debug|iPhone.Build.0 = Debug|iPhone
		{E8B898A5-2000-4641-AF7B-E6FF6D055E2E}.Debug|iPhone.Deploy.0 = Debug|iPhone
		{E8B898A5-2000-4641-AF7B-E6FF6D055E2E}.Debug|iPhoneSimulator.ActiveCfg = Debug|iPhoneSimulator
		{E8B898A5-2000-4641-AF7B-E6FF6D055E2E}.Debug|iPhoneSimulator.Build.0 = Debug|iPhoneSimulator
		{E8B898A5-2000-4641-AF7B-E6FF6D055E2E}.Debug|iPhoneSimulator.Deploy.0 = Debug|iPhoneSimulator
		{E8B898A5-2000-4641-AF7B-E6FF6D055E2E}.Debug|x64.ActiveCfg = Debug|iPhone
		{E8B898A5-2000-4641-AF7B-E6FF6D055E2E}.Debug|x64.Build.0 = Debug|iPhone
		{E8B898A5-2000-4641-AF7B-E6FF6D055E2E}.Debug|x64.Deploy.0 = Debug|iPhone
		{E8B898A5-2000-4641-AF7B-E6FF6D055E2E}.Debug|x86.ActiveCfg = Debug|iPhone
		{E8B898A5-2000-4641-AF7B-E6FF6D055E2E}.Debug|x86.Build.0 = Debug|iPhone
		{E8B898A5-2000-4641-AF7B-E6FF6D055E2E}.Debug|x86.Deploy.0 = Debug|iPhone
		{E8B898A5-2000-4641-AF7B-E6FF6D055E2E}.Release|Any CPU.ActiveCfg = Release|iPhone
		{E8B898A5-2000-4641-AF7B-E6FF6D055E2E}.Release|Any CPU.Build.0 = Release|iPhone
		{E8B898A5-2000-4641-AF7B-E6FF6D055E2E}.Release|Any CPU.Deploy.0 = Release|iPhone
		{E8B898A5-2000-4641-AF7B-E6FF6D055E2E}.Release|ARM.ActiveCfg = Release|iPhone
		{E8B898A5-2000-4641-AF7B-E6FF6D055E2E}.Release|ARM.Build.0 = Release|iPhone
		{E8B898A5-2000-4641-AF7B-E6FF6D055E2E}.Release|ARM.Deploy.0 = Release|iPhone
		{E8B898A5-2000-4641-AF7B-E6FF6D055E2E}.Release|iPhone.ActiveCfg = Release|iPhone
		{E8B898A5-2000-4641-AF7B-E6FF6D055E2E}.Release|iPhone.Build.0 = Release|iPhone
		{E8B898A5-2000-4641-AF7B-E6FF6D055E2E}.Release|iPhone.Deploy.0 = Release|iPhone
		{E8B898A5-2000-4641-AF7B-E6FF6D055E2E}.Release|iPhoneSimulator.ActiveCfg = Release|iPhoneSimulator
		{E8B898A5-2000-4641-AF7B-E6FF6D055E2E}.Release|iPhoneSimulator.Build.0 = Release|iPhoneSimulator
		{E8B898A5-2000-4641-AF7B-E6FF6D055E2E}.Release|iPhoneSimulator.Deploy.0 = Release|iPhoneSimulator
		{E8B898A5-2000-4641-AF7B-E6FF6D055E2E}.Release|x64.ActiveCfg = Release|iPhone
		{E8B898A5-2000-4641-AF7B-E6FF6D055E2E}.Release|x64.Build.0 = Release|iPhone
		{E8B898A5-2000-4641-AF7B-E6FF6D055E2E}.Release|x64.Deploy.0 = Release|iPhone
		{E8B898A5-2000-4641-AF7B-E6FF6D055E2E}.Release|x86.ActiveCfg = Release|iPhone
		{E8B898A5-2000-4641-AF7B-E6FF6D055E2E}.Release|x86.Build.0 = Release|iPhone
		{E8B898A5-2000-4641-AF7B-E6FF6D055E2E}.Release|x86.Deploy.0 = Release|iPhone
		{1BD99D96-0C07-4FE6-8C3D-4923232FDB06}.Ad-Hoc|Any CPU.ActiveCfg = Release|x86
		{1BD99D96-0C07-4FE6-8C3D-4923232FDB06}.Ad-Hoc|Any CPU.Build.0 = Release|x86
		{1BD99D96-0C07-4FE6-8C3D-4923232FDB06}.Ad-Hoc|Any CPU.Deploy.0 = Release|x86
		{1BD99D96-0C07-4FE6-8C3D-4923232FDB06}.Ad-Hoc|ARM.ActiveCfg = Release|ARM
		{1BD99D96-0C07-4FE6-8C3D-4923232FDB06}.Ad-Hoc|ARM.Build.0 = Release|ARM
		{1BD99D96-0C07-4FE6-8C3D-4923232FDB06}.Ad-Hoc|ARM.Deploy.0 = Release|ARM
		{1BD99D96-0C07-4FE6-8C3D-4923232FDB06}.Ad-Hoc|iPhone.ActiveCfg = Release|x86
		{1BD99D96-0C07-4FE6-8C3D-4923232FDB06}.Ad-Hoc|iPhone.Build.0 = Release|x86
		{1BD99D96-0C07-4FE6-8C3D-4923232FDB06}.Ad-Hoc|iPhone.Deploy.0 = Release|x86
		{1BD99D96-0C07-4FE6-8C3D-4923232FDB06}.Ad-Hoc|iPhoneSimulator.ActiveCfg = Release|x86
		{1BD99D96-0C07-4FE6-8C3D-4923232FDB06}.Ad-Hoc|iPhoneSimulator.Build.0 = Release|x86
		{1BD99D96-0C07-4FE6-8C3D-4923232FDB06}.Ad-Hoc|iPhoneSimulator.Deploy.0 = Release|x86
		{1BD99D96-0C07-4FE6-8C3D-4923232FDB06}.Ad-Hoc|x64.ActiveCfg = Release|x64
		{1BD99D96-0C07-4FE6-8C3D-4923232FDB06}.Ad-Hoc|x64.Build.0 = Release|x64
		{1BD99D96-0C07-4FE6-8C3D-4923232FDB06}.Ad-Hoc|x64.Deploy.0 = Release|x64
		{1BD99D96-0C07-4FE6-8C3D-4923232FDB06}.Ad-Hoc|x86.ActiveCfg = Release|x86
		{1BD99D96-0C07-4FE6-8C3D-4923232FDB06}.Ad-Hoc|x86.Build.0 = Release|x86
		{1BD99D96-0C07-4FE6-8C3D-4923232FDB06}.Ad-Hoc|x86.Deploy.0 = Release|x86
		{1BD99D96-0C07-4FE6-8C3D-4923232FDB06}.AppStore|Any CPU.ActiveCfg = Release|x86
		{1BD99D96-0C07-4FE6-8C3D-4923232FDB06}.AppStore|Any CPU.Build.0 = Release|x86
		{1BD99D96-0C07-4FE6-8C3D-4923232FDB06}.AppStore|Any CPU.Deploy.0 = Release|x86
		{1BD99D96-0C07-4FE6-8C3D-4923232FDB06}.AppStore|ARM.ActiveCfg = Release|ARM
		{1BD99D96-0C07-4FE6-8C3D-4923232FDB06}.AppStore|ARM.Build.0 = Release|ARM
		{1BD99D96-0C07-4FE6-8C3D-4923232FDB06}.AppStore|ARM.Deploy.0 = Release|ARM
		{1BD99D96-0C07-4FE6-8C3D-4923232FDB06}.AppStore|iPhone.ActiveCfg = Release|x86
		{1BD99D96-0C07-4FE6-8C3D-4923232FDB06}.AppStore|iPhone.Build.0 = Release|x86
		{1BD99D96-0C07-4FE6-8C3D-4923232FDB06}.AppStore|iPhone.Deploy.0 = Release|x86
		{1BD99D96-0C07-4FE6-8C3D-4923232FDB06}.AppStore|iPhoneSimulator.ActiveCfg = Release|x86
		{1BD99D96-0C07-4FE6-8C3D-4923232FDB06}.AppStore|iPhoneSimulator.Build.0 = Release|x86
		{1BD99D96-0C07-4FE6-8C3D-4923232FDB06}.AppStore|iPhoneSimulator.Deploy.0 = Release|x86
		{1BD99D96-0C07-4FE6-8C3D-4923232FDB06}.AppStore|x64.ActiveCfg = Release|x64
		{1BD99D96-0C07-4FE6-8C3D-4923232FDB06}.AppStore|x64.Build.0 = Release|x64
		{1BD99D96-0C07-4FE6-8C3D-4923232FDB06}.AppStore|x64.Deploy.0 = Release|x64
		{1BD99D96-0C07-4FE6-8C3D-4923232FDB06}.AppStore|x86.ActiveCfg = Release|x86
		{1BD99D96-0C07-4FE6-8C3D-4923232FDB06}.AppStore|x86.Build.0 = Release|x86
		{1BD99D96-0C07-4FE6-8C3D-4923232FDB06}.AppStore|x86.Deploy.0 = Release|x86
		{1BD99D96-0C07-4FE6-8C3D-4923232FDB06}.Debug|Any CPU.ActiveCfg = Debug|x86
		{1BD99D96-0C07-4FE6-8C3D-4923232FDB06}.Debug|Any CPU.Build.0 = Debug|x86
		{1BD99D96-0C07-4FE6-8C3D-4923232FDB06}.Debug|Any CPU.Deploy.0 = Debug|x86
		{1BD99D96-0C07-4FE6-8C3D-4923232FDB06}.Debug|ARM.ActiveCfg = Debug|ARM
		{1BD99D96-0C07-4FE6-8C3D-4923232FDB06}.Debug|ARM.Build.0 = Debug|ARM
		{1BD99D96-0C07-4FE6-8C3D-4923232FDB06}.Debug|ARM.Deploy.0 = Debug|ARM
		{1BD99D96-0C07-4FE6-8C3D-4923232FDB06}.Debug|iPhone.ActiveCfg = Debug|x86
		{1BD99D96-0C07-4FE6-8C3D-4923232FDB06}.Debug|iPhone.Build.0 = Debug|x86
		{1BD99D96-0C07-4FE6-8C3D-4923232FDB06}.Debug|iPhone.Deploy.0 = Debug|x86
		{1BD99D96-0C07-4FE6-8C3D-4923232FDB06}.Debug|iPhoneSimulator.ActiveCfg = Debug|x86
		{1BD99D96-0C07-4FE6-8C3D-4923232FDB06}.Debug|iPhoneSimulator.Build.0 = Debug|x86
		{1BD99D96-0C07-4FE6-8C3D-4923232FDB06}.Debug|iPhoneSimulator.Deploy.0 = Debug|x86
		{1BD99D96-0C07-4FE6-8C3D-4923232FDB06}.Debug|x64.ActiveCfg = Debug|x64
		{1BD99D96-0C07-4FE6-8C3D-4923232FDB06}.Debug|x64.Build.0 = Debug|x64
		{1BD99D96-0C07-4FE6-8C3D-4923232FDB06}.Debug|x64.Deploy.0 = Debug|x64
		{1BD99D96-0C07-4FE6-8C3D-4923232FDB06}.Debug|x86.ActiveCfg = Debug|x86
		{1BD99D96-0C07-4FE6-8C3D-4923232FDB06}.Debug|x86.Build.0 = Debug|x86
		{1BD99D96-0C07-4FE6-8C3D-4923232FDB06}.Debug|x86.Deploy.0 = Debug|x86
		{1BD99D96-0C07-4FE6-8C3D-4923232FDB06}.Release|Any CPU.ActiveCfg = Release|x86
		{1BD99D96-0C07-4FE6-8C3D-4923232FDB06}.Release|Any CPU.Build.0 = Release|x86
		{1BD99D96-0C07-4FE6-8C3D-4923232FDB06}.Release|Any CPU.Deploy.0 = Release|x86
		{1BD99D96-0C07-4FE6-8C3D-4923232FDB06}.Release|ARM.ActiveCfg = Release|ARM
		{1BD99D96-0C07-4FE6-8C3D-4923232FDB06}.Release|ARM.Build.0 = Release|ARM
		{1BD99D96-0C07-4FE6-8C3D-4923232FDB06}.Release|ARM.Deploy.0 = Release|ARM
		{1BD99D96-0C07-4FE6-8C3D-4923232FDB06}.Release|iPhone.ActiveCfg = Release|x86
		{1BD99D96-0C07-4FE6-8C3D-4923232FDB06}.Release|iPhone.Build.0 = Release|x86
		{1BD99D96-0C07-4FE6-8C3D-4923232FDB06}.Release|iPhone.Deploy.0 = Release|x86
		{1BD99D96-0C07-4FE6-8C3D-4923232FDB06}.Release|iPhoneSimulator.ActiveCfg = Release|x86
		{1BD99D96-0C07-4FE6-8C3D-4923232FDB06}.Release|iPhoneSimulator.Build.0 = Release|x86
		{1BD99D96-0C07-4FE6-8C3D-4923232FDB06}.Release|iPhoneSimulator.Deploy.0 = Release|x86
		{1BD99D96-0C07-4FE6-8C3D-4923232FDB06}.Release|x64.ActiveCfg = Release|x64
		{1BD99D96-0C07-4FE6-8C3D-4923232FDB06}.Release|x64.Build.0 = Release|x64
		{1BD99D96-0C07-4FE6-8C3D-4923232FDB06}.Release|x64.Deploy.0 = Release|x64
		{1BD99D96-0C07-4FE6-8C3D-4923232FDB06}.Release|x86.ActiveCfg = Release|x86
		{1BD99D96-0C07-4FE6-8C3D-4923232FDB06}.Release|x86.Build.0 = Release|x86
		{1BD99D96-0C07-4FE6-8C3D-4923232FDB06}.Release|x86.Deploy.0 = Release|x86
		{87C549CE-F228-418B-9CA8-5C34B5D7B1A5}.Ad-Hoc|Any CPU.ActiveCfg = Debug|Any CPU
		{87C549CE-F228-418B-9CA8-5C34B5D7B1A5}.Ad-Hoc|Any CPU.Build.0 = Debug|Any CPU
		{87C549CE-F228-418B-9CA8-5C34B5D7B1A5}.Ad-Hoc|Any CPU.Deploy.0 = Debug|Any CPU
		{87C549CE-F228-418B-9CA8-5C34B5D7B1A5}.Ad-Hoc|ARM.ActiveCfg = Debug|Any CPU
		{87C549CE-F228-418B-9CA8-5C34B5D7B1A5}.Ad-Hoc|ARM.Build.0 = Debug|Any CPU
		{87C549CE-F228-418B-9CA8-5C34B5D7B1A5}.Ad-Hoc|ARM.Deploy.0 = Debug|Any CPU
		{87C549CE-F228-418B-9CA8-5C34B5D7B1A5}.Ad-Hoc|iPhone.ActiveCfg = Debug|Any CPU
		{87C549CE-F228-418B-9CA8-5C34B5D7B1A5}.Ad-Hoc|iPhone.Build.0 = Debug|Any CPU
		{87C549CE-F228-418B-9CA8-5C34B5D7B1A5}.Ad-Hoc|iPhone.Deploy.0 = Debug|Any CPU
		{87C549CE-F228-418B-9CA8-5C34B5D7B1A5}.Ad-Hoc|iPhoneSimulator.ActiveCfg = Debug|Any CPU
		{87C549CE-F228-418B-9CA8-5C34B5D7B1A5}.Ad-Hoc|iPhoneSimulator.Build.0 = Debug|Any CPU
		{87C549CE-F228-418B-9CA8-5C34B5D7B1A5}.Ad-Hoc|iPhoneSimulator.Deploy.0 = Debug|Any CPU
		{87C549CE-F228-418B-9CA8-5C34B5D7B1A5}.Ad-Hoc|x64.ActiveCfg = Debug|Any CPU
		{87C549CE-F228-418B-9CA8-5C34B5D7B1A5}.Ad-Hoc|x64.Build.0 = Debug|Any CPU
		{87C549CE-F228-418B-9CA8-5C34B5D7B1A5}.Ad-Hoc|x64.Deploy.0 = Debug|Any CPU
		{87C549CE-F228-418B-9CA8-5C34B5D7B1A5}.Ad-Hoc|x86.ActiveCfg = Debug|Any CPU
		{87C549CE-F228-418B-9CA8-5C34B5D7B1A5}.Ad-Hoc|x86.Build.0 = Debug|Any CPU
		{87C549CE-F228-418B-9CA8-5C34B5D7B1A5}.Ad-Hoc|x86.Deploy.0 = Debug|Any CPU
		{87C549CE-F228-418B-9CA8-5C34B5D7B1A5}.AppStore|Any CPU.ActiveCfg = Debug|Any CPU
		{87C549CE-F228-418B-9CA8-5C34B5D7B1A5}.AppStore|Any CPU.Build.0 = Debug|Any CPU
		{87C549CE-F228-418B-9CA8-5C34B5D7B1A5}.AppStore|Any CPU.Deploy.0 = Debug|Any CPU
		{87C549CE-F228-418B-9CA8-5C34B5D7B1A5}.AppStore|ARM.ActiveCfg = Debug|Any CPU
		{87C549CE-F228-418B-9CA8-5C34B5D7B1A5}.AppStore|ARM.Build.0 = Debug|Any CPU
		{87C549CE-F228-418B-9CA8-5C34B5D7B1A5}.AppStore|ARM.Deploy.0 = Debug|Any CPU
		{87C549CE-F228-418B-9CA8-5C34B5D7B1A5}.AppStore|iPhone.ActiveCfg = Debug|Any CPU
		{87C549CE-F228-418B-9CA8-5C34B5D7B1A5}.AppStore|iPhone.Build.0 = Debug|Any CPU
		{87C549CE-F228-418B-9CA8-5C34B5D7B1A5}.AppStore|iPhone.Deploy.0 = Debug|Any CPU
		{87C549CE-F228-418B-9CA8-5C34B5D7B1A5}.AppStore|iPhoneSimulator.ActiveCfg = Debug|Any CPU
		{87C549CE-F228-418B-9CA8-5C34B5D7B1A5}.AppStore|iPhoneSimulator.Build.0 = Debug|Any CPU
		{87C549CE-F228-418B-9CA8-5C34B5D7B1A5}.AppStore|iPhoneSimulator.Deploy.0 = Debug|Any CPU
		{87C549CE-F228-418B-9CA8-5C34B5D7B1A5}.AppStore|x64.ActiveCfg = Debug|Any CPU
		{87C549CE-F228-418B-9CA8-5C34B5D7B1A5}.AppStore|x64.Build.0 = Debug|Any CPU
		{87C549CE-F228-418B-9CA8-5C34B5D7B1A5}.AppStore|x64.Deploy.0 = Debug|Any CPU
		{87C549CE-F228-418B-9CA8-5C34B5D7B1A5}.AppStore|x86.ActiveCfg = Debug|Any CPU
		{87C549CE-F228-418B-9CA8-5C34B5D7B1A5}.AppStore|x86.Build.0 = Debug|Any CPU
		{87C549CE-F228-418B-9CA8-5C34B5D7B1A5}.AppStore|x86.Deploy.0 = Debug|Any CPU
		{87C549CE-F228-418B-9CA8-5C34B5D7B1A5}.Debug|Any CPU.ActiveCfg = Debug|Any CPU
		{87C549CE-F228-418B-9CA8-5C34B5D7B1A5}.Debug|Any CPU.Build.0 = Debug|Any CPU
		{87C549CE-F228-418B-9CA8-5C34B5D7B1A5}.Debug|Any CPU.Deploy.0 = Debug|Any CPU
		{87C549CE-F228-418B-9CA8-5C34B5D7B1A5}.Debug|ARM.ActiveCfg = Debug|Any CPU
		{87C549CE-F228-418B-9CA8-5C34B5D7B1A5}.Debug|ARM.Build.0 = Debug|Any CPU
		{87C549CE-F228-418B-9CA8-5C34B5D7B1A5}.Debug|ARM.Deploy.0 = Debug|Any CPU
		{87C549CE-F228-418B-9CA8-5C34B5D7B1A5}.Debug|iPhone.ActiveCfg = Debug|Any CPU
		{87C549CE-F228-418B-9CA8-5C34B5D7B1A5}.Debug|iPhone.Build.0 = Debug|Any CPU
		{87C549CE-F228-418B-9CA8-5C34B5D7B1A5}.Debug|iPhone.Deploy.0 = Debug|Any CPU
		{87C549CE-F228-418B-9CA8-5C34B5D7B1A5}.Debug|iPhoneSimulator.ActiveCfg = Debug|Any CPU
		{87C549CE-F228-418B-9CA8-5C34B5D7B1A5}.Debug|iPhoneSimulator.Build.0 = Debug|Any CPU
		{87C549CE-F228-418B-9CA8-5C34B5D7B1A5}.Debug|iPhoneSimulator.Deploy.0 = Debug|Any CPU
		{87C549CE-F228-418B-9CA8-5C34B5D7B1A5}.Debug|x64.ActiveCfg = Debug|Any CPU
		{87C549CE-F228-418B-9CA8-5C34B5D7B1A5}.Debug|x64.Build.0 = Debug|Any CPU
		{87C549CE-F228-418B-9CA8-5C34B5D7B1A5}.Debug|x64.Deploy.0 = Debug|Any CPU
		{87C549CE-F228-418B-9CA8-5C34B5D7B1A5}.Debug|x86.ActiveCfg = Debug|Any CPU
		{87C549CE-F228-418B-9CA8-5C34B5D7B1A5}.Debug|x86.Build.0 = Debug|Any CPU
		{87C549CE-F228-418B-9CA8-5C34B5D7B1A5}.Debug|x86.Deploy.0 = Debug|Any CPU
		{87C549CE-F228-418B-9CA8-5C34B5D7B1A5}.Release|Any CPU.ActiveCfg = Release|Any CPU
		{87C549CE-F228-418B-9CA8-5C34B5D7B1A5}.Release|Any CPU.Build.0 = Release|Any CPU
		{87C549CE-F228-418B-9CA8-5C34B5D7B1A5}.Release|Any CPU.Deploy.0 = Release|Any CPU
		{87C549CE-F228-418B-9CA8-5C34B5D7B1A5}.Release|ARM.ActiveCfg = Release|Any CPU
		{87C549CE-F228-418B-9CA8-5C34B5D7B1A5}.Release|ARM.Build.0 = Release|Any CPU
		{87C549CE-F228-418B-9CA8-5C34B5D7B1A5}.Release|ARM.Deploy.0 = Release|Any CPU
		{87C549CE-F228-418B-9CA8-5C34B5D7B1A5}.Release|iPhone.ActiveCfg = Release|Any CPU
		{87C549CE-F228-418B-9CA8-5C34B5D7B1A5}.Release|iPhone.Build.0 = Release|Any CPU
		{87C549CE-F228-418B-9CA8-5C34B5D7B1A5}.Release|iPhone.Deploy.0 = Release|Any CPU
		{87C549CE-F228-418B-9CA8-5C34B5D7B1A5}.Release|iPhoneSimulator.ActiveCfg = Release|Any CPU
		{87C549CE-F228-418B-9CA8-5C34B5D7B1A5}.Release|iPhoneSimulator.Build.0 = Release|Any CPU
		{87C549CE-F228-418B-9CA8-5C34B5D7B1A5}.Release|iPhoneSimulator.Deploy.0 = Release|Any CPU
		{87C549CE-F228-418B-9CA8-5C34B5D7B1A5}.Release|x64.ActiveCfg = Release|Any CPU
		{87C549CE-F228-418B-9CA8-5C34B5D7B1A5}.Release|x64.Build.0 = Release|Any CPU
		{87C549CE-F228-418B-9CA8-5C34B5D7B1A5}.Release|x64.Deploy.0 = Release|Any CPU
		{87C549CE-F228-418B-9CA8-5C34B5D7B1A5}.Release|x86.ActiveCfg = Release|Any CPU
		{87C549CE-F228-418B-9CA8-5C34B5D7B1A5}.Release|x86.Build.0 = Release|Any CPU
		{87C549CE-F228-418B-9CA8-5C34B5D7B1A5}.Release|x86.Deploy.0 = Release|Any CPU
		{8B917A81-EF10-44DA-8675-25B89294B462}.Ad-Hoc|Any CPU.ActiveCfg = Debug|Any CPU
		{8B917A81-EF10-44DA-8675-25B89294B462}.Ad-Hoc|Any CPU.Build.0 = Debug|Any CPU
		{8B917A81-EF10-44DA-8675-25B89294B462}.Ad-Hoc|ARM.ActiveCfg = Debug|Any CPU
		{8B917A81-EF10-44DA-8675-25B89294B462}.Ad-Hoc|ARM.Build.0 = Debug|Any CPU
		{8B917A81-EF10-44DA-8675-25B89294B462}.Ad-Hoc|iPhone.ActiveCfg = Debug|Any CPU
		{8B917A81-EF10-44DA-8675-25B89294B462}.Ad-Hoc|iPhone.Build.0 = Debug|Any CPU
		{8B917A81-EF10-44DA-8675-25B89294B462}.Ad-Hoc|iPhoneSimulator.ActiveCfg = Debug|Any CPU
		{8B917A81-EF10-44DA-8675-25B89294B462}.Ad-Hoc|iPhoneSimulator.Build.0 = Debug|Any CPU
		{8B917A81-EF10-44DA-8675-25B89294B462}.Ad-Hoc|x64.ActiveCfg = Debug|Any CPU
		{8B917A81-EF10-44DA-8675-25B89294B462}.Ad-Hoc|x64.Build.0 = Debug|Any CPU
		{8B917A81-EF10-44DA-8675-25B89294B462}.Ad-Hoc|x86.ActiveCfg = Debug|Any CPU
		{8B917A81-EF10-44DA-8675-25B89294B462}.Ad-Hoc|x86.Build.0 = Debug|Any CPU
		{8B917A81-EF10-44DA-8675-25B89294B462}.AppStore|Any CPU.ActiveCfg = Debug|Any CPU
		{8B917A81-EF10-44DA-8675-25B89294B462}.AppStore|Any CPU.Build.0 = Debug|Any CPU
		{8B917A81-EF10-44DA-8675-25B89294B462}.AppStore|ARM.ActiveCfg = Debug|Any CPU
		{8B917A81-EF10-44DA-8675-25B89294B462}.AppStore|ARM.Build.0 = Debug|Any CPU
		{8B917A81-EF10-44DA-8675-25B89294B462}.AppStore|iPhone.ActiveCfg = Debug|Any CPU
		{8B917A81-EF10-44DA-8675-25B89294B462}.AppStore|iPhone.Build.0 = Debug|Any CPU
		{8B917A81-EF10-44DA-8675-25B89294B462}.AppStore|iPhoneSimulator.ActiveCfg = Debug|Any CPU
		{8B917A81-EF10-44DA-8675-25B89294B462}.AppStore|iPhoneSimulator.Build.0 = Debug|Any CPU
		{8B917A81-EF10-44DA-8675-25B89294B462}.AppStore|x64.ActiveCfg = Debug|Any CPU
		{8B917A81-EF10-44DA-8675-25B89294B462}.AppStore|x64.Build.0 = Debug|Any CPU
		{8B917A81-EF10-44DA-8675-25B89294B462}.AppStore|x86.ActiveCfg = Debug|Any CPU
		{8B917A81-EF10-44DA-8675-25B89294B462}.AppStore|x86.Build.0 = Debug|Any CPU
		{8B917A81-EF10-44DA-8675-25B89294B462}.Debug|Any CPU.ActiveCfg = Debug|Any CPU
		{8B917A81-EF10-44DA-8675-25B89294B462}.Debug|Any CPU.Build.0 = Debug|Any CPU
		{8B917A81-EF10-44DA-8675-25B89294B462}.Debug|ARM.ActiveCfg = Debug|Any CPU
		{8B917A81-EF10-44DA-8675-25B89294B462}.Debug|ARM.Build.0 = Debug|Any CPU
		{8B917A81-EF10-44DA-8675-25B89294B462}.Debug|iPhone.ActiveCfg = Debug|Any CPU
		{8B917A81-EF10-44DA-8675-25B89294B462}.Debug|iPhone.Build.0 = Debug|Any CPU
		{8B917A81-EF10-44DA-8675-25B89294B462}.Debug|iPhoneSimulator.ActiveCfg = Debug|Any CPU
		{8B917A81-EF10-44DA-8675-25B89294B462}.Debug|iPhoneSimulator.Build.0 = Debug|Any CPU
		{8B917A81-EF10-44DA-8675-25B89294B462}.Debug|x64.ActiveCfg = Debug|Any CPU
		{8B917A81-EF10-44DA-8675-25B89294B462}.Debug|x64.Build.0 = Debug|Any CPU
		{8B917A81-EF10-44DA-8675-25B89294B462}.Debug|x86.ActiveCfg = Debug|Any CPU
		{8B917A81-EF10-44DA-8675-25B89294B462}.Debug|x86.Build.0 = Debug|Any CPU
		{8B917A81-EF10-44DA-8675-25B89294B462}.Release|Any CPU.ActiveCfg = Release|Any CPU
		{8B917A81-EF10-44DA-8675-25B89294B462}.Release|Any CPU.Build.0 = Release|Any CPU
		{8B917A81-EF10-44DA-8675-25B89294B462}.Release|ARM.ActiveCfg = Release|Any CPU
		{8B917A81-EF10-44DA-8675-25B89294B462}.Release|ARM.Build.0 = Release|Any CPU
		{8B917A81-EF10-44DA-8675-25B89294B462}.Release|iPhone.ActiveCfg = Release|Any CPU
		{8B917A81-EF10-44DA-8675-25B89294B462}.Release|iPhone.Build.0 = Release|Any CPU
		{8B917A81-EF10-44DA-8675-25B89294B462}.Release|iPhoneSimulator.ActiveCfg = Release|Any CPU
		{8B917A81-EF10-44DA-8675-25B89294B462}.Release|iPhoneSimulator.Build.0 = Release|Any CPU
		{8B917A81-EF10-44DA-8675-25B89294B462}.Release|x64.ActiveCfg = Release|Any CPU
		{8B917A81-EF10-44DA-8675-25B89294B462}.Release|x64.Build.0 = Release|Any CPU
		{8B917A81-EF10-44DA-8675-25B89294B462}.Release|x86.ActiveCfg = Release|Any CPU
		{8B917A81-EF10-44DA-8675-25B89294B462}.Release|x86.Build.0 = Release|Any CPU
		{F36D4DE0-5DF4-484E-9941-C7093E0D9D82}.Ad-Hoc|Any CPU.ActiveCfg = Debug|Any CPU
		{F36D4DE0-5DF4-484E-9941-C7093E0D9D82}.Ad-Hoc|Any CPU.Build.0 = Debug|Any CPU
		{F36D4DE0-5DF4-484E-9941-C7093E0D9D82}.Ad-Hoc|ARM.ActiveCfg = Debug|Any CPU
		{F36D4DE0-5DF4-484E-9941-C7093E0D9D82}.Ad-Hoc|ARM.Build.0 = Debug|Any CPU
		{F36D4DE0-5DF4-484E-9941-C7093E0D9D82}.Ad-Hoc|iPhone.ActiveCfg = Debug|Any CPU
		{F36D4DE0-5DF4-484E-9941-C7093E0D9D82}.Ad-Hoc|iPhone.Build.0 = Debug|Any CPU
		{F36D4DE0-5DF4-484E-9941-C7093E0D9D82}.Ad-Hoc|iPhoneSimulator.ActiveCfg = Debug|Any CPU
		{F36D4DE0-5DF4-484E-9941-C7093E0D9D82}.Ad-Hoc|iPhoneSimulator.Build.0 = Debug|Any CPU
		{F36D4DE0-5DF4-484E-9941-C7093E0D9D82}.Ad-Hoc|x64.ActiveCfg = Debug|Any CPU
		{F36D4DE0-5DF4-484E-9941-C7093E0D9D82}.Ad-Hoc|x64.Build.0 = Debug|Any CPU
		{F36D4DE0-5DF4-484E-9941-C7093E0D9D82}.Ad-Hoc|x86.ActiveCfg = Debug|Any CPU
		{F36D4DE0-5DF4-484E-9941-C7093E0D9D82}.Ad-Hoc|x86.Build.0 = Debug|Any CPU
		{F36D4DE0-5DF4-484E-9941-C7093E0D9D82}.AppStore|Any CPU.ActiveCfg = Debug|Any CPU
		{F36D4DE0-5DF4-484E-9941-C7093E0D9D82}.AppStore|Any CPU.Build.0 = Debug|Any CPU
		{F36D4DE0-5DF4-484E-9941-C7093E0D9D82}.AppStore|ARM.ActiveCfg = Debug|Any CPU
		{F36D4DE0-5DF4-484E-9941-C7093E0D9D82}.AppStore|ARM.Build.0 = Debug|Any CPU
		{F36D4DE0-5DF4-484E-9941-C7093E0D9D82}.AppStore|iPhone.ActiveCfg = Debug|Any CPU
		{F36D4DE0-5DF4-484E-9941-C7093E0D9D82}.AppStore|iPhone.Build.0 = Debug|Any CPU
		{F36D4DE0-5DF4-484E-9941-C7093E0D9D82}.AppStore|iPhoneSimulator.ActiveCfg = Debug|Any CPU
		{F36D4DE0-5DF4-484E-9941-C7093E0D9D82}.AppStore|iPhoneSimulator.Build.0 = Debug|Any CPU
		{F36D4DE0-5DF4-484E-9941-C7093E0D9D82}.AppStore|x64.ActiveCfg = Debug|Any CPU
		{F36D4DE0-5DF4-484E-9941-C7093E0D9D82}.AppStore|x64.Build.0 = Debug|Any CPU
		{F36D4DE0-5DF4-484E-9941-C7093E0D9D82}.AppStore|x86.ActiveCfg = Debug|Any CPU
		{F36D4DE0-5DF4-484E-9941-C7093E0D9D82}.AppStore|x86.Build.0 = Debug|Any CPU
		{F36D4DE0-5DF4-484E-9941-C7093E0D9D82}.Debug|Any CPU.ActiveCfg = Debug|Any CPU
		{F36D4DE0-5DF4-484E-9941-C7093E0D9D82}.Debug|Any CPU.Build.0 = Debug|Any CPU
		{F36D4DE0-5DF4-484E-9941-C7093E0D9D82}.Debug|ARM.ActiveCfg = Debug|Any CPU
		{F36D4DE0-5DF4-484E-9941-C7093E0D9D82}.Debug|ARM.Build.0 = Debug|Any CPU
		{F36D4DE0-5DF4-484E-9941-C7093E0D9D82}.Debug|iPhone.ActiveCfg = Debug|Any CPU
		{F36D4DE0-5DF4-484E-9941-C7093E0D9D82}.Debug|iPhone.Build.0 = Debug|Any CPU
		{F36D4DE0-5DF4-484E-9941-C7093E0D9D82}.Debug|iPhoneSimulator.ActiveCfg = Debug|Any CPU
		{F36D4DE0-5DF4-484E-9941-C7093E0D9D82}.Debug|iPhoneSimulator.Build.0 = Debug|Any CPU
		{F36D4DE0-5DF4-484E-9941-C7093E0D9D82}.Debug|x64.ActiveCfg = Debug|Any CPU
		{F36D4DE0-5DF4-484E-9941-C7093E0D9D82}.Debug|x64.Build.0 = Debug|Any CPU
		{F36D4DE0-5DF4-484E-9941-C7093E0D9D82}.Debug|x86.ActiveCfg = Debug|Any CPU
		{F36D4DE0-5DF4-484E-9941-C7093E0D9D82}.Debug|x86.Build.0 = Debug|Any CPU
		{F36D4DE0-5DF4-484E-9941-C7093E0D9D82}.Release|Any CPU.ActiveCfg = Release|Any CPU
		{F36D4DE0-5DF4-484E-9941-C7093E0D9D82}.Release|Any CPU.Build.0 = Release|Any CPU
		{F36D4DE0-5DF4-484E-9941-C7093E0D9D82}.Release|ARM.ActiveCfg = Release|Any CPU
		{F36D4DE0-5DF4-484E-9941-C7093E0D9D82}.Release|ARM.Build.0 = Release|Any CPU
		{F36D4DE0-5DF4-484E-9941-C7093E0D9D82}.Release|iPhone.ActiveCfg = Release|Any CPU
		{F36D4DE0-5DF4-484E-9941-C7093E0D9D82}.Release|iPhone.Build.0 = Release|Any CPU
		{F36D4DE0-5DF4-484E-9941-C7093E0D9D82}.Release|iPhoneSimulator.ActiveCfg = Release|Any CPU
		{F36D4DE0-5DF4-484E-9941-C7093E0D9D82}.Release|iPhoneSimulator.Build.0 = Release|Any CPU
		{F36D4DE0-5DF4-484E-9941-C7093E0D9D82}.Release|x64.ActiveCfg = Release|Any CPU
		{F36D4DE0-5DF4-484E-9941-C7093E0D9D82}.Release|x64.Build.0 = Release|Any CPU
		{F36D4DE0-5DF4-484E-9941-C7093E0D9D82}.Release|x86.ActiveCfg = Release|Any CPU
		{F36D4DE0-5DF4-484E-9941-C7093E0D9D82}.Release|x86.Build.0 = Release|Any CPU
	EndGlobalSection
	GlobalSection(SolutionProperties) = preSolution
		HideSolutionNode = FALSE
	EndGlobalSection
	GlobalSection(ExtensibilityGlobals) = postSolution
		SolutionGuid = {FA03F2BF-EED5-4B13-913A-DB85E6DCA9FF}
	EndGlobalSection
EndGlobal
